// !$*UTF8*$!
{
	archiveVersion = 1;
	classes = {
	};
	objectVersion = 46;
	objects = {

/* Begin PBXBuildFile section */
		14073C7118D173CA001C5E86 /* NBResetPWViewController.m in Sources */ = {isa = PBXBuildFile; fileRef = 14073C6F18D173CA001C5E86 /* NBResetPWViewController.m */; };
		14073C7218D173CA001C5E86 /* NBResetPWViewController_iPhone5.xib in Resources */ = {isa = PBXBuildFile; fileRef = 14073C7018D173CA001C5E86 /* NBResetPWViewController_iPhone5.xib */; };
		14073C7518D17421001C5E86 /* NBResetPWViewController_iPhone4.xib in Resources */ = {isa = PBXBuildFile; fileRef = 14073C7418D17421001C5E86 /* NBResetPWViewController_iPhone4.xib */; };
		14073C7918D17785001C5E86 /* NBCityViewController.m in Sources */ = {isa = PBXBuildFile; fileRef = 14073C7718D17785001C5E86 /* NBCityViewController.m */; };
		14073C7A18D17785001C5E86 /* NBCityViewController_iPhone5.xib in Resources */ = {isa = PBXBuildFile; fileRef = 14073C7818D17785001C5E86 /* NBCityViewController_iPhone5.xib */; };
		14073C7D18D177DB001C5E86 /* NBCityViewController_iPhone4.xib in Resources */ = {isa = PBXBuildFile; fileRef = 14073C7C18D177DB001C5E86 /* NBCityViewController_iPhone4.xib */; };
		14073C8018D17BE1001C5E86 /* citydict.plist in Resources */ = {isa = PBXBuildFile; fileRef = 14073C7F18D17BE1001C5E86 /* citydict.plist */; };
		14073C8418D192ED001C5E86 /* Reachability.m in Sources */ = {isa = PBXBuildFile; fileRef = 14073C8318D192ED001C5E86 /* Reachability.m */; settings = {COMPILER_FLAGS = "-fno-objc-arc"; }; };
		14088A4618C842200098A404 /* DBTileButton.m in Sources */ = {isa = PBXBuildFile; fileRef = 14088A4518C842200098A404 /* DBTileButton.m */; };
		14088A4918C8434B0098A404 /* AppUtility.m in Sources */ = {isa = PBXBuildFile; fileRef = 14088A4818C8434B0098A404 /* AppUtility.m */; };
		14088A4C18C844D30098A404 /* NBMainViewController_iPhone5.xib in Resources */ = {isa = PBXBuildFile; fileRef = 14088A4B18C844D30098A404 /* NBMainViewController_iPhone5.xib */; };
		140C82E718BF093C00BF65AB /* CoreFoundation.framework in Frameworks */ = {isa = PBXBuildFile; fileRef = 140C82E618BF093C00BF65AB /* CoreFoundation.framework */; };
		140C82E918BF094B00BF65AB /* libicucore.dylib in Frameworks */ = {isa = PBXBuildFile; fileRef = 140C82E818BF094B00BF65AB /* libicucore.dylib */; };
		140C82FD18BF0B1A00BF65AB /* AFNetworkActivityIndicatorManager.m in Sources */ = {isa = PBXBuildFile; fileRef = 140C82ED18BF0B1A00BF65AB /* AFNetworkActivityIndicatorManager.m */; };
		140C82FE18BF0B1A00BF65AB /* UIActivityIndicatorView+AFNetworking.m in Sources */ = {isa = PBXBuildFile; fileRef = 140C82EF18BF0B1A00BF65AB /* UIActivityIndicatorView+AFNetworking.m */; };
		140C82FF18BF0B1A00BF65AB /* UIAlertView+AFNetworking.m in Sources */ = {isa = PBXBuildFile; fileRef = 140C82F118BF0B1A00BF65AB /* UIAlertView+AFNetworking.m */; };
		140C830018BF0B1A00BF65AB /* UIButton+AFNetworking.m in Sources */ = {isa = PBXBuildFile; fileRef = 140C82F318BF0B1A00BF65AB /* UIButton+AFNetworking.m */; };
		140C830118BF0B1A00BF65AB /* UIImageView+AFNetworking.m in Sources */ = {isa = PBXBuildFile; fileRef = 140C82F518BF0B1A00BF65AB /* UIImageView+AFNetworking.m */; };
		140C830218BF0B1A00BF65AB /* UIProgressView+AFNetworking.m in Sources */ = {isa = PBXBuildFile; fileRef = 140C82F818BF0B1A00BF65AB /* UIProgressView+AFNetworking.m */; };
		140C830318BF0B1A00BF65AB /* UIRefreshControl+AFNetworking.m in Sources */ = {isa = PBXBuildFile; fileRef = 140C82FA18BF0B1A00BF65AB /* UIRefreshControl+AFNetworking.m */; };
		140C830418BF0B1A00BF65AB /* UIWebView+AFNetworking.m in Sources */ = {isa = PBXBuildFile; fileRef = 140C82FC18BF0B1A00BF65AB /* UIWebView+AFNetworking.m */; };
		140C831918BF0B2100BF65AB /* AFHTTPRequestOperation.m in Sources */ = {isa = PBXBuildFile; fileRef = 140C830718BF0B2100BF65AB /* AFHTTPRequestOperation.m */; };
		140C831A18BF0B2100BF65AB /* AFHTTPRequestOperationManager.m in Sources */ = {isa = PBXBuildFile; fileRef = 140C830918BF0B2100BF65AB /* AFHTTPRequestOperationManager.m */; };
		140C831B18BF0B2100BF65AB /* AFHTTPSessionManager.m in Sources */ = {isa = PBXBuildFile; fileRef = 140C830B18BF0B2100BF65AB /* AFHTTPSessionManager.m */; };
		140C831C18BF0B2100BF65AB /* AFNetworkReachabilityManager.m in Sources */ = {isa = PBXBuildFile; fileRef = 140C830E18BF0B2100BF65AB /* AFNetworkReachabilityManager.m */; };
		140C831D18BF0B2100BF65AB /* AFSecurityPolicy.m in Sources */ = {isa = PBXBuildFile; fileRef = 140C831018BF0B2100BF65AB /* AFSecurityPolicy.m */; };
		140C831E18BF0B2100BF65AB /* AFURLConnectionOperation.m in Sources */ = {isa = PBXBuildFile; fileRef = 140C831218BF0B2100BF65AB /* AFURLConnectionOperation.m */; };
		140C831F18BF0B2100BF65AB /* AFURLRequestSerialization.m in Sources */ = {isa = PBXBuildFile; fileRef = 140C831418BF0B2100BF65AB /* AFURLRequestSerialization.m */; };
		140C832018BF0B2100BF65AB /* AFURLResponseSerialization.m in Sources */ = {isa = PBXBuildFile; fileRef = 140C831618BF0B2100BF65AB /* AFURLResponseSerialization.m */; };
		140C832118BF0B2100BF65AB /* AFURLSessionManager.m in Sources */ = {isa = PBXBuildFile; fileRef = 140C831818BF0B2100BF65AB /* AFURLSessionManager.m */; };
		140C832418BF0C6A00BF65AB /* QuartzCore.framework in Frameworks */ = {isa = PBXBuildFile; fileRef = 140C832318BF0C6A00BF65AB /* QuartzCore.framework */; };
		140C832618BF0ED200BF65AB /* SystemConfiguration.framework in Frameworks */ = {isa = PBXBuildFile; fileRef = 140C832518BF0ED200BF65AB /* SystemConfiguration.framework */; };
		140C837018BF226E00BF65AB /* NBNetworkEngine.m in Sources */ = {isa = PBXBuildFile; fileRef = 140C835A18BF226E00BF65AB /* NBNetworkEngine.m */; };
		140C837118BF226E00BF65AB /* NSDictionary+JSON.m in Sources */ = {isa = PBXBuildFile; fileRef = 140C835D18BF226E00BF65AB /* NSDictionary+JSON.m */; };
		140C837218BF226E00BF65AB /* RegexKitLite.m in Sources */ = {isa = PBXBuildFile; fileRef = 140C836018BF226E00BF65AB /* RegexKitLite.m */; settings = {COMPILER_FLAGS = "-fno-objc-arc"; }; };
		140C837318BF226E00BF65AB /* UIColor+HexString.m in Sources */ = {isa = PBXBuildFile; fileRef = 140C836318BF226E00BF65AB /* UIColor+HexString.m */; };
		140C837418BF226E00BF65AB /* UIImage+Loader.m in Sources */ = {isa = PBXBuildFile; fileRef = 140C836618BF226E00BF65AB /* UIImage+Loader.m */; };
		140C837518BF226E00BF65AB /* UIView+Border.m in Sources */ = {isa = PBXBuildFile; fileRef = 140C836918BF226E00BF65AB /* UIView+Border.m */; };
		140C837618BF226E00BF65AB /* UIView+Joggle.m in Sources */ = {isa = PBXBuildFile; fileRef = 140C836C18BF226E00BF65AB /* UIView+Joggle.m */; };
		140C837718BF226E00BF65AB /* UIView+ModifyFrame.m in Sources */ = {isa = PBXBuildFile; fileRef = 140C836F18BF226E00BF65AB /* UIView+ModifyFrame.m */; };
		140C837E18BF241200BF65AB /* NBBaseViewController.m in Sources */ = {isa = PBXBuildFile; fileRef = 140C837D18BF241200BF65AB /* NBBaseViewController.m */; };
		140C838818BF25AB00BF65AB /* NBMainViewController.m in Sources */ = {isa = PBXBuildFile; fileRef = 140C838618BF25AB00BF65AB /* NBMainViewController.m */; };
		140C838918BF25AB00BF65AB /* NBMainViewController_iPhone4.xib in Resources */ = {isa = PBXBuildFile; fileRef = 140C838718BF25AB00BF65AB /* NBMainViewController_iPhone4.xib */; };
		14F59E4918CEDC0B004CD0BB /* NBLoginViewController.m in Sources */ = {isa = PBXBuildFile; fileRef = 14F59E4718CEDC0B004CD0BB /* NBLoginViewController.m */; };
		14F59E4A18CEDC0B004CD0BB /* NBLoginViewController_iPhone5.xib in Resources */ = {isa = PBXBuildFile; fileRef = 14F59E4818CEDC0B004CD0BB /* NBLoginViewController_iPhone5.xib */; };
		14F59E4D18CEDC5C004CD0BB /* NBLoginViewController_iPhone4.xib in Resources */ = {isa = PBXBuildFile; fileRef = 14F59E4C18CEDC5C004CD0BB /* NBLoginViewController_iPhone4.xib */; };
		14F59E5118CEDE23004CD0BB /* textField.png in Resources */ = {isa = PBXBuildFile; fileRef = 14F59E5018CEDE23004CD0BB /* textField.png */; };
		14F59E5318CEDFC9004CD0BB /* peple.png in Resources */ = {isa = PBXBuildFile; fileRef = 14F59E5218CEDFC9004CD0BB /* peple.png */; };
		14F59E5718CEE1BE004CD0BB /* check.png in Resources */ = {isa = PBXBuildFile; fileRef = 14F59E5418CEE1BE004CD0BB /* check.png */; };
		14F59E5818CEE1BE004CD0BB /* checkBox.png in Resources */ = {isa = PBXBuildFile; fileRef = 14F59E5518CEE1BE004CD0BB /* checkBox.png */; };
		14F59E5918CEE1BE004CD0BB /* loginBtn.png in Resources */ = {isa = PBXBuildFile; fileRef = 14F59E5618CEE1BE004CD0BB /* loginBtn.png */; };
		14F59E5E18CEE39B004CD0BB /* go.png in Resources */ = {isa = PBXBuildFile; fileRef = 14F59E5A18CEE39B004CD0BB /* go.png */; };
		14F59E5F18CEE39B004CD0BB /* qq.png in Resources */ = {isa = PBXBuildFile; fileRef = 14F59E5B18CEE39B004CD0BB /* qq.png */; };
		14F59E6018CEE39B004CD0BB /* renren.png in Resources */ = {isa = PBXBuildFile; fileRef = 14F59E5C18CEE39B004CD0BB /* renren.png */; };
		14F59E6118CEE39B004CD0BB /* weibo.png in Resources */ = {isa = PBXBuildFile; fileRef = 14F59E5D18CEE39B004CD0BB /* weibo.png */; };
		14F59E6418CEFD7B004CD0BB /* back.png in Resources */ = {isa = PBXBuildFile; fileRef = 14F59E6318CEFD7B004CD0BB /* back.png */; };
		14F59E6818CF0480004CD0BB /* NBFindPWViewController.m in Sources */ = {isa = PBXBuildFile; fileRef = 14F59E6618CF0480004CD0BB /* NBFindPWViewController.m */; };
		14F59E6918CF0480004CD0BB /* NBFindPWViewController_iPhone5.xib in Resources */ = {isa = PBXBuildFile; fileRef = 14F59E6718CF0480004CD0BB /* NBFindPWViewController_iPhone5.xib */; };
		14F59E6C18CF04DA004CD0BB /* NBFindPWViewController_iPhone4.xib in Resources */ = {isa = PBXBuildFile; fileRef = 14F59E6B18CF04DA004CD0BB /* NBFindPWViewController_iPhone4.xib */; };
		14F59E7118CF0F4E004CD0BB /* mail.png in Resources */ = {isa = PBXBuildFile; fileRef = 14F59E6E18CF0F4E004CD0BB /* mail.png */; };
		14F59E7218CF0F4E004CD0BB /* sms.png in Resources */ = {isa = PBXBuildFile; fileRef = 14F59E6F18CF0F4E004CD0BB /* sms.png */; };
		14F59E7318CF0F4E004CD0BB /* textField2.png in Resources */ = {isa = PBXBuildFile; fileRef = 14F59E7018CF0F4E004CD0BB /* textField2.png */; };
		A11BD12E18D0057B0067F09B /* NBRegisterViewController.m in Sources */ = {isa = PBXBuildFile; fileRef = A11BD12C18D0057B0067F09B /* NBRegisterViewController.m */; };
		A11BD12F18D0057B0067F09B /* NBRegisterViewController_iPhone4.xib in Resources */ = {isa = PBXBuildFile; fileRef = A11BD12D18D0057B0067F09B /* NBRegisterViewController_iPhone4.xib */; };
		A186EE7E18D066150095B657 /* NZAlertView-Icons.bundle in Resources */ = {isa = PBXBuildFile; fileRef = A186EE7718D066150095B657 /* NZAlertView-Icons.bundle */; };
		A186EE7F18D066150095B657 /* NZAlertView.m in Sources */ = {isa = PBXBuildFile; fileRef = A186EE7918D066150095B657 /* NZAlertView.m */; };
		A186EE8018D066150095B657 /* NZAlertView.xib in Resources */ = {isa = PBXBuildFile; fileRef = A186EE7D18D066150095B657 /* NZAlertView.xib */; };
		A186EE8618D0662C0095B657 /* MSDynamicsDrawerStyler.m in Sources */ = {isa = PBXBuildFile; fileRef = A186EE8318D0662C0095B657 /* MSDynamicsDrawerStyler.m */; };
		A186EE8718D0662C0095B657 /* MSDynamicsDrawerViewController.m in Sources */ = {isa = PBXBuildFile; fileRef = A186EE8518D0662C0095B657 /* MSDynamicsDrawerViewController.m */; };
		A186EE8B18D0664B0095B657 /* NBNavigationController.m in Sources */ = {isa = PBXBuildFile; fileRef = A186EE8A18D0664B0095B657 /* NBNavigationController.m */; };
		A186EE8F18D066660095B657 /* MMLocationManager.m in Sources */ = {isa = PBXBuildFile; fileRef = A186EE8E18D066660095B657 /* MMLocationManager.m */; };
		A186EE9418D066CA0095B657 /* NBLeftMenuViewController.m in Sources */ = {isa = PBXBuildFile; fileRef = A186EE9218D066CA0095B657 /* NBLeftMenuViewController.m */; };
		A186EE9518D066CA0095B657 /* NBLeftMenuViewController.xib in Resources */ = {isa = PBXBuildFile; fileRef = A186EE9318D066CA0095B657 /* NBLeftMenuViewController.xib */; };
		A1BF630918D008090006B2D0 /* NBRegisterViewController_iPhone5.xib in Resources */ = {isa = PBXBuildFile; fileRef = A1BF630818D008090006B2D0 /* NBRegisterViewController_iPhone5.xib */; };
		A1DFF04818BEEAEE00C3EE6B /* Foundation.framework in Frameworks */ = {isa = PBXBuildFile; fileRef = A1DFF04718BEEAEE00C3EE6B /* Foundation.framework */; };
		A1DFF04A18BEEAEE00C3EE6B /* CoreGraphics.framework in Frameworks */ = {isa = PBXBuildFile; fileRef = A1DFF04918BEEAEE00C3EE6B /* CoreGraphics.framework */; };
		A1DFF04C18BEEAEE00C3EE6B /* UIKit.framework in Frameworks */ = {isa = PBXBuildFile; fileRef = A1DFF04B18BEEAEE00C3EE6B /* UIKit.framework */; };
		A1DFF05218BEEAEE00C3EE6B /* InfoPlist.strings in Resources */ = {isa = PBXBuildFile; fileRef = A1DFF05018BEEAEE00C3EE6B /* InfoPlist.strings */; };
		A1DFF05418BEEAEE00C3EE6B /* main.m in Sources */ = {isa = PBXBuildFile; fileRef = A1DFF05318BEEAEE00C3EE6B /* main.m */; };
		A1DFF05818BEEAEE00C3EE6B /* NBAppDelegate.m in Sources */ = {isa = PBXBuildFile; fileRef = A1DFF05718BEEAEE00C3EE6B /* NBAppDelegate.m */; };
		A1DFF05A18BEEAEE00C3EE6B /* Images.xcassets in Resources */ = {isa = PBXBuildFile; fileRef = A1DFF05918BEEAEE00C3EE6B /* Images.xcassets */; };
		A1DFF06118BEEAEE00C3EE6B /* XCTest.framework in Frameworks */ = {isa = PBXBuildFile; fileRef = A1DFF06018BEEAEE00C3EE6B /* XCTest.framework */; };
		A1DFF06218BEEAEE00C3EE6B /* Foundation.framework in Frameworks */ = {isa = PBXBuildFile; fileRef = A1DFF04718BEEAEE00C3EE6B /* Foundation.framework */; };
		A1DFF06318BEEAEE00C3EE6B /* UIKit.framework in Frameworks */ = {isa = PBXBuildFile; fileRef = A1DFF04B18BEEAEE00C3EE6B /* UIKit.framework */; };
		A1DFF06B18BEEAEE00C3EE6B /* InfoPlist.strings in Resources */ = {isa = PBXBuildFile; fileRef = A1DFF06918BEEAEE00C3EE6B /* InfoPlist.strings */; };
		A1DFF06D18BEEAEE00C3EE6B /* iCareerTests.m in Sources */ = {isa = PBXBuildFile; fileRef = A1DFF06C18BEEAEE00C3EE6B /* iCareerTests.m */; };
		A1DFF07718BEEB2600C3EE6B /* CFNetwork.framework in Frameworks */ = {isa = PBXBuildFile; fileRef = A1DFF07618BEEB2600C3EE6B /* CFNetwork.framework */; };
		A1DFF07918BEEB3800C3EE6B /* MapKit.framework in Frameworks */ = {isa = PBXBuildFile; fileRef = A1DFF07818BEEB3800C3EE6B /* MapKit.framework */; };
		A1DFF07B18BEEB4100C3EE6B /* CoreLocation.framework in Frameworks */ = {isa = PBXBuildFile; fileRef = A1DFF07A18BEEB4100C3EE6B /* CoreLocation.framework */; };
		A1DFF07D18BEEB4D00C3EE6B /* MobileCoreServices.framework in Frameworks */ = {isa = PBXBuildFile; fileRef = A1DFF07C18BEEB4D00C3EE6B /* MobileCoreServices.framework */; };
		A1DFF07F18BEEB6100C3EE6B /* Security.framework in Frameworks */ = {isa = PBXBuildFile; fileRef = A1DFF07E18BEEB6100C3EE6B /* Security.framework */; };
		A1DFF08118BEEB7700C3EE6B /* libz.1.2.5.dylib in Frameworks */ = {isa = PBXBuildFile; fileRef = A1DFF08018BEEB7700C3EE6B /* libz.1.2.5.dylib */; };
/* End PBXBuildFile section */

/* Begin PBXContainerItemProxy section */
		A1DFF06418BEEAEE00C3EE6B /* PBXContainerItemProxy */ = {
			isa = PBXContainerItemProxy;
			containerPortal = A1DFF03C18BEEAEE00C3EE6B /* Project object */;
			proxyType = 1;
			remoteGlobalIDString = A1DFF04318BEEAEE00C3EE6B;
			remoteInfo = iCareer;
		};
/* End PBXContainerItemProxy section */

/* Begin PBXFileReference section */
		14073C6E18D173CA001C5E86 /* NBResetPWViewController.h */ = {isa = PBXFileReference; fileEncoding = 4; lastKnownFileType = sourcecode.c.h; name = NBResetPWViewController.h; path = ResetPassword/NBResetPWViewController.h; sourceTree = "<group>"; };
		14073C6F18D173CA001C5E86 /* NBResetPWViewController.m */ = {isa = PBXFileReference; fileEncoding = 4; lastKnownFileType = sourcecode.c.objc; name = NBResetPWViewController.m; path = ResetPassword/NBResetPWViewController.m; sourceTree = "<group>"; };
		14073C7018D173CA001C5E86 /* NBResetPWViewController_iPhone5.xib */ = {isa = PBXFileReference; fileEncoding = 4; lastKnownFileType = file.xib; name = NBResetPWViewController_iPhone5.xib; path = ResetPassword/NBResetPWViewController_iPhone5.xib; sourceTree = "<group>"; };
		14073C7418D17421001C5E86 /* NBResetPWViewController_iPhone4.xib */ = {isa = PBXFileReference; fileEncoding = 4; lastKnownFileType = file.xib; name = NBResetPWViewController_iPhone4.xib; path = ResetPassword/NBResetPWViewController_iPhone4.xib; sourceTree = "<group>"; };
		14073C7618D17785001C5E86 /* NBCityViewController.h */ = {isa = PBXFileReference; fileEncoding = 4; lastKnownFileType = sourcecode.c.h; name = NBCityViewController.h; path = CityViewController/NBCityViewController.h; sourceTree = "<group>"; };
		14073C7718D17785001C5E86 /* NBCityViewController.m */ = {isa = PBXFileReference; fileEncoding = 4; lastKnownFileType = sourcecode.c.objc; name = NBCityViewController.m; path = CityViewController/NBCityViewController.m; sourceTree = "<group>"; };
		14073C7818D17785001C5E86 /* NBCityViewController_iPhone5.xib */ = {isa = PBXFileReference; fileEncoding = 4; lastKnownFileType = file.xib; name = NBCityViewController_iPhone5.xib; path = CityViewController/NBCityViewController_iPhone5.xib; sourceTree = "<group>"; };
		14073C7C18D177DB001C5E86 /* NBCityViewController_iPhone4.xib */ = {isa = PBXFileReference; fileEncoding = 4; lastKnownFileType = file.xib; name = NBCityViewController_iPhone4.xib; path = CityViewController/NBCityViewController_iPhone4.xib; sourceTree = "<group>"; };
		14073C7F18D17BE1001C5E86 /* citydict.plist */ = {isa = PBXFileReference; fileEncoding = 4; lastKnownFileType = text.plist.xml; path = citydict.plist; sourceTree = "<group>"; };
		14073C8218D192ED001C5E86 /* Reachability.h */ = {isa = PBXFileReference; fileEncoding = 4; lastKnownFileType = sourcecode.c.h; path = Reachability.h; sourceTree = "<group>"; };
		14073C8318D192ED001C5E86 /* Reachability.m */ = {isa = PBXFileReference; fileEncoding = 4; lastKnownFileType = sourcecode.c.objc; path = Reachability.m; sourceTree = "<group>"; };
		14088A4418C842200098A404 /* DBTileButton.h */ = {isa = PBXFileReference; fileEncoding = 4; lastKnownFileType = sourcecode.c.h; path = DBTileButton.h; sourceTree = "<group>"; };
		14088A4518C842200098A404 /* DBTileButton.m */ = {isa = PBXFileReference; fileEncoding = 4; lastKnownFileType = sourcecode.c.objc; path = DBTileButton.m; sourceTree = "<group>"; };
		14088A4718C8434B0098A404 /* AppUtility.h */ = {isa = PBXFileReference; fileEncoding = 4; lastKnownFileType = sourcecode.c.h; name = AppUtility.h; path = AppUtility/AppUtility.h; sourceTree = "<group>"; };
		14088A4818C8434B0098A404 /* AppUtility.m */ = {isa = PBXFileReference; fileEncoding = 4; lastKnownFileType = sourcecode.c.objc; name = AppUtility.m; path = AppUtility/AppUtility.m; sourceTree = "<group>"; };
		14088A4B18C844D30098A404 /* NBMainViewController_iPhone5.xib */ = {isa = PBXFileReference; fileEncoding = 4; lastKnownFileType = file.xib; path = NBMainViewController_iPhone5.xib; sourceTree = "<group>"; };
		140C82E618BF093C00BF65AB /* CoreFoundation.framework */ = {isa = PBXFileReference; lastKnownFileType = wrapper.framework; name = CoreFoundation.framework; path = System/Library/Frameworks/CoreFoundation.framework; sourceTree = SDKROOT; };
		140C82E818BF094B00BF65AB /* libicucore.dylib */ = {isa = PBXFileReference; lastKnownFileType = "compiled.mach-o.dylib"; name = libicucore.dylib; path = usr/lib/libicucore.dylib; sourceTree = SDKROOT; };
		140C82EC18BF0B1A00BF65AB /* AFNetworkActivityIndicatorManager.h */ = {isa = PBXFileReference; fileEncoding = 4; lastKnownFileType = sourcecode.c.h; path = AFNetworkActivityIndicatorManager.h; sourceTree = "<group>"; };
		140C82ED18BF0B1A00BF65AB /* AFNetworkActivityIndicatorManager.m */ = {isa = PBXFileReference; fileEncoding = 4; lastKnownFileType = sourcecode.c.objc; path = AFNetworkActivityIndicatorManager.m; sourceTree = "<group>"; };
		140C82EE18BF0B1A00BF65AB /* UIActivityIndicatorView+AFNetworking.h */ = {isa = PBXFileReference; fileEncoding = 4; lastKnownFileType = sourcecode.c.h; path = "UIActivityIndicatorView+AFNetworking.h"; sourceTree = "<group>"; };
		140C82EF18BF0B1A00BF65AB /* UIActivityIndicatorView+AFNetworking.m */ = {isa = PBXFileReference; fileEncoding = 4; lastKnownFileType = sourcecode.c.objc; path = "UIActivityIndicatorView+AFNetworking.m"; sourceTree = "<group>"; };
		140C82F018BF0B1A00BF65AB /* UIAlertView+AFNetworking.h */ = {isa = PBXFileReference; fileEncoding = 4; lastKnownFileType = sourcecode.c.h; path = "UIAlertView+AFNetworking.h"; sourceTree = "<group>"; };
		140C82F118BF0B1A00BF65AB /* UIAlertView+AFNetworking.m */ = {isa = PBXFileReference; fileEncoding = 4; lastKnownFileType = sourcecode.c.objc; path = "UIAlertView+AFNetworking.m"; sourceTree = "<group>"; };
		140C82F218BF0B1A00BF65AB /* UIButton+AFNetworking.h */ = {isa = PBXFileReference; fileEncoding = 4; lastKnownFileType = sourcecode.c.h; path = "UIButton+AFNetworking.h"; sourceTree = "<group>"; };
		140C82F318BF0B1A00BF65AB /* UIButton+AFNetworking.m */ = {isa = PBXFileReference; fileEncoding = 4; lastKnownFileType = sourcecode.c.objc; path = "UIButton+AFNetworking.m"; sourceTree = "<group>"; };
		140C82F418BF0B1A00BF65AB /* UIImageView+AFNetworking.h */ = {isa = PBXFileReference; fileEncoding = 4; lastKnownFileType = sourcecode.c.h; path = "UIImageView+AFNetworking.h"; sourceTree = "<group>"; };
		140C82F518BF0B1A00BF65AB /* UIImageView+AFNetworking.m */ = {isa = PBXFileReference; fileEncoding = 4; lastKnownFileType = sourcecode.c.objc; path = "UIImageView+AFNetworking.m"; sourceTree = "<group>"; };
		140C82F618BF0B1A00BF65AB /* UIKit+AFNetworking.h */ = {isa = PBXFileReference; fileEncoding = 4; lastKnownFileType = sourcecode.c.h; path = "UIKit+AFNetworking.h"; sourceTree = "<group>"; };
		140C82F718BF0B1A00BF65AB /* UIProgressView+AFNetworking.h */ = {isa = PBXFileReference; fileEncoding = 4; lastKnownFileType = sourcecode.c.h; path = "UIProgressView+AFNetworking.h"; sourceTree = "<group>"; };
		140C82F818BF0B1A00BF65AB /* UIProgressView+AFNetworking.m */ = {isa = PBXFileReference; fileEncoding = 4; lastKnownFileType = sourcecode.c.objc; path = "UIProgressView+AFNetworking.m"; sourceTree = "<group>"; };
		140C82F918BF0B1A00BF65AB /* UIRefreshControl+AFNetworking.h */ = {isa = PBXFileReference; fileEncoding = 4; lastKnownFileType = sourcecode.c.h; path = "UIRefreshControl+AFNetworking.h"; sourceTree = "<group>"; };
		140C82FA18BF0B1A00BF65AB /* UIRefreshControl+AFNetworking.m */ = {isa = PBXFileReference; fileEncoding = 4; lastKnownFileType = sourcecode.c.objc; path = "UIRefreshControl+AFNetworking.m"; sourceTree = "<group>"; };
		140C82FB18BF0B1A00BF65AB /* UIWebView+AFNetworking.h */ = {isa = PBXFileReference; fileEncoding = 4; lastKnownFileType = sourcecode.c.h; path = "UIWebView+AFNetworking.h"; sourceTree = "<group>"; };
		140C82FC18BF0B1A00BF65AB /* UIWebView+AFNetworking.m */ = {isa = PBXFileReference; fileEncoding = 4; lastKnownFileType = sourcecode.c.objc; path = "UIWebView+AFNetworking.m"; sourceTree = "<group>"; };
		140C830618BF0B2100BF65AB /* AFHTTPRequestOperation.h */ = {isa = PBXFileReference; fileEncoding = 4; lastKnownFileType = sourcecode.c.h; path = AFHTTPRequestOperation.h; sourceTree = "<group>"; };
		140C830718BF0B2100BF65AB /* AFHTTPRequestOperation.m */ = {isa = PBXFileReference; fileEncoding = 4; lastKnownFileType = sourcecode.c.objc; path = AFHTTPRequestOperation.m; sourceTree = "<group>"; };
		140C830818BF0B2100BF65AB /* AFHTTPRequestOperationManager.h */ = {isa = PBXFileReference; fileEncoding = 4; lastKnownFileType = sourcecode.c.h; path = AFHTTPRequestOperationManager.h; sourceTree = "<group>"; };
		140C830918BF0B2100BF65AB /* AFHTTPRequestOperationManager.m */ = {isa = PBXFileReference; fileEncoding = 4; lastKnownFileType = sourcecode.c.objc; path = AFHTTPRequestOperationManager.m; sourceTree = "<group>"; };
		140C830A18BF0B2100BF65AB /* AFHTTPSessionManager.h */ = {isa = PBXFileReference; fileEncoding = 4; lastKnownFileType = sourcecode.c.h; path = AFHTTPSessionManager.h; sourceTree = "<group>"; };
		140C830B18BF0B2100BF65AB /* AFHTTPSessionManager.m */ = {isa = PBXFileReference; fileEncoding = 4; lastKnownFileType = sourcecode.c.objc; path = AFHTTPSessionManager.m; sourceTree = "<group>"; };
		140C830C18BF0B2100BF65AB /* AFNetworking.h */ = {isa = PBXFileReference; fileEncoding = 4; lastKnownFileType = sourcecode.c.h; path = AFNetworking.h; sourceTree = "<group>"; };
		140C830D18BF0B2100BF65AB /* AFNetworkReachabilityManager.h */ = {isa = PBXFileReference; fileEncoding = 4; lastKnownFileType = sourcecode.c.h; path = AFNetworkReachabilityManager.h; sourceTree = "<group>"; };
		140C830E18BF0B2100BF65AB /* AFNetworkReachabilityManager.m */ = {isa = PBXFileReference; fileEncoding = 4; lastKnownFileType = sourcecode.c.objc; path = AFNetworkReachabilityManager.m; sourceTree = "<group>"; };
		140C830F18BF0B2100BF65AB /* AFSecurityPolicy.h */ = {isa = PBXFileReference; fileEncoding = 4; lastKnownFileType = sourcecode.c.h; path = AFSecurityPolicy.h; sourceTree = "<group>"; };
		140C831018BF0B2100BF65AB /* AFSecurityPolicy.m */ = {isa = PBXFileReference; fileEncoding = 4; lastKnownFileType = sourcecode.c.objc; path = AFSecurityPolicy.m; sourceTree = "<group>"; };
		140C831118BF0B2100BF65AB /* AFURLConnectionOperation.h */ = {isa = PBXFileReference; fileEncoding = 4; lastKnownFileType = sourcecode.c.h; path = AFURLConnectionOperation.h; sourceTree = "<group>"; };
		140C831218BF0B2100BF65AB /* AFURLConnectionOperation.m */ = {isa = PBXFileReference; fileEncoding = 4; lastKnownFileType = sourcecode.c.objc; path = AFURLConnectionOperation.m; sourceTree = "<group>"; };
		140C831318BF0B2100BF65AB /* AFURLRequestSerialization.h */ = {isa = PBXFileReference; fileEncoding = 4; lastKnownFileType = sourcecode.c.h; path = AFURLRequestSerialization.h; sourceTree = "<group>"; };
		140C831418BF0B2100BF65AB /* AFURLRequestSerialization.m */ = {isa = PBXFileReference; fileEncoding = 4; lastKnownFileType = sourcecode.c.objc; path = AFURLRequestSerialization.m; sourceTree = "<group>"; };
		140C831518BF0B2100BF65AB /* AFURLResponseSerialization.h */ = {isa = PBXFileReference; fileEncoding = 4; lastKnownFileType = sourcecode.c.h; path = AFURLResponseSerialization.h; sourceTree = "<group>"; };
		140C831618BF0B2100BF65AB /* AFURLResponseSerialization.m */ = {isa = PBXFileReference; fileEncoding = 4; lastKnownFileType = sourcecode.c.objc; path = AFURLResponseSerialization.m; sourceTree = "<group>"; };
		140C831718BF0B2100BF65AB /* AFURLSessionManager.h */ = {isa = PBXFileReference; fileEncoding = 4; lastKnownFileType = sourcecode.c.h; path = AFURLSessionManager.h; sourceTree = "<group>"; };
		140C831818BF0B2100BF65AB /* AFURLSessionManager.m */ = {isa = PBXFileReference; fileEncoding = 4; lastKnownFileType = sourcecode.c.objc; path = AFURLSessionManager.m; sourceTree = "<group>"; };
		140C832318BF0C6A00BF65AB /* QuartzCore.framework */ = {isa = PBXFileReference; lastKnownFileType = wrapper.framework; name = QuartzCore.framework; path = System/Library/Frameworks/QuartzCore.framework; sourceTree = SDKROOT; };
		140C832518BF0ED200BF65AB /* SystemConfiguration.framework */ = {isa = PBXFileReference; lastKnownFileType = wrapper.framework; name = SystemConfiguration.framework; path = System/Library/Frameworks/SystemConfiguration.framework; sourceTree = SDKROOT; };
		140C835718BF226E00BF65AB /* Global.h */ = {isa = PBXFileReference; fileEncoding = 4; lastKnownFileType = sourcecode.c.h; path = Global.h; sourceTree = "<group>"; };
		140C835918BF226E00BF65AB /* NBNetworkEngine.h */ = {isa = PBXFileReference; fileEncoding = 4; lastKnownFileType = sourcecode.c.h; path = NBNetworkEngine.h; sourceTree = "<group>"; };
		140C835A18BF226E00BF65AB /* NBNetworkEngine.m */ = {isa = PBXFileReference; fileEncoding = 4; lastKnownFileType = sourcecode.c.objc; path = NBNetworkEngine.m; sourceTree = "<group>"; };
		140C835C18BF226E00BF65AB /* NSDictionary+JSON.h */ = {isa = PBXFileReference; fileEncoding = 4; lastKnownFileType = sourcecode.c.h; path = "NSDictionary+JSON.h"; sourceTree = "<group>"; };
		140C835D18BF226E00BF65AB /* NSDictionary+JSON.m */ = {isa = PBXFileReference; fileEncoding = 4; lastKnownFileType = sourcecode.c.objc; path = "NSDictionary+JSON.m"; sourceTree = "<group>"; };
		140C835F18BF226E00BF65AB /* RegexKitLite.h */ = {isa = PBXFileReference; fileEncoding = 4; lastKnownFileType = sourcecode.c.h; path = RegexKitLite.h; sourceTree = "<group>"; };
		140C836018BF226E00BF65AB /* RegexKitLite.m */ = {isa = PBXFileReference; fileEncoding = 4; lastKnownFileType = sourcecode.c.objc; path = RegexKitLite.m; sourceTree = "<group>"; };
		140C836218BF226E00BF65AB /* UIColor+HexString.h */ = {isa = PBXFileReference; fileEncoding = 4; lastKnownFileType = sourcecode.c.h; path = "UIColor+HexString.h"; sourceTree = "<group>"; };
		140C836318BF226E00BF65AB /* UIColor+HexString.m */ = {isa = PBXFileReference; fileEncoding = 4; lastKnownFileType = sourcecode.c.objc; path = "UIColor+HexString.m"; sourceTree = "<group>"; };
		140C836518BF226E00BF65AB /* UIImage+Loader.h */ = {isa = PBXFileReference; fileEncoding = 4; lastKnownFileType = sourcecode.c.h; path = "UIImage+Loader.h"; sourceTree = "<group>"; };
		140C836618BF226E00BF65AB /* UIImage+Loader.m */ = {isa = PBXFileReference; fileEncoding = 4; lastKnownFileType = sourcecode.c.objc; path = "UIImage+Loader.m"; sourceTree = "<group>"; };
		140C836818BF226E00BF65AB /* UIView+Border.h */ = {isa = PBXFileReference; fileEncoding = 4; lastKnownFileType = sourcecode.c.h; path = "UIView+Border.h"; sourceTree = "<group>"; };
		140C836918BF226E00BF65AB /* UIView+Border.m */ = {isa = PBXFileReference; fileEncoding = 4; lastKnownFileType = sourcecode.c.objc; path = "UIView+Border.m"; sourceTree = "<group>"; };
		140C836B18BF226E00BF65AB /* UIView+Joggle.h */ = {isa = PBXFileReference; fileEncoding = 4; lastKnownFileType = sourcecode.c.h; path = "UIView+Joggle.h"; sourceTree = "<group>"; };
		140C836C18BF226E00BF65AB /* UIView+Joggle.m */ = {isa = PBXFileReference; fileEncoding = 4; lastKnownFileType = sourcecode.c.objc; path = "UIView+Joggle.m"; sourceTree = "<group>"; };
		140C836E18BF226E00BF65AB /* UIView+ModifyFrame.h */ = {isa = PBXFileReference; fileEncoding = 4; lastKnownFileType = sourcecode.c.h; path = "UIView+ModifyFrame.h"; sourceTree = "<group>"; };
		140C836F18BF226E00BF65AB /* UIView+ModifyFrame.m */ = {isa = PBXFileReference; fileEncoding = 4; lastKnownFileType = sourcecode.c.objc; path = "UIView+ModifyFrame.m"; sourceTree = "<group>"; };
		140C837C18BF241200BF65AB /* NBBaseViewController.h */ = {isa = PBXFileReference; fileEncoding = 4; lastKnownFileType = sourcecode.c.h; path = NBBaseViewController.h; sourceTree = "<group>"; };
		140C837D18BF241200BF65AB /* NBBaseViewController.m */ = {isa = PBXFileReference; fileEncoding = 4; lastKnownFileType = sourcecode.c.objc; path = NBBaseViewController.m; sourceTree = "<group>"; };
		140C838518BF25AB00BF65AB /* NBMainViewController.h */ = {isa = PBXFileReference; fileEncoding = 4; lastKnownFileType = sourcecode.c.h; path = NBMainViewController.h; sourceTree = "<group>"; };
		140C838618BF25AB00BF65AB /* NBMainViewController.m */ = {isa = PBXFileReference; fileEncoding = 4; lastKnownFileType = sourcecode.c.objc; path = NBMainViewController.m; sourceTree = "<group>"; };
		140C838718BF25AB00BF65AB /* NBMainViewController_iPhone4.xib */ = {isa = PBXFileReference; fileEncoding = 4; lastKnownFileType = file.xib; path = NBMainViewController_iPhone4.xib; sourceTree = "<group>"; };
		14F59E4618CEDC0B004CD0BB /* NBLoginViewController.h */ = {isa = PBXFileReference; fileEncoding = 4; lastKnownFileType = sourcecode.c.h; name = NBLoginViewController.h; path = Login/NBLoginViewController.h; sourceTree = "<group>"; };
		14F59E4718CEDC0B004CD0BB /* NBLoginViewController.m */ = {isa = PBXFileReference; fileEncoding = 4; lastKnownFileType = sourcecode.c.objc; name = NBLoginViewController.m; path = Login/NBLoginViewController.m; sourceTree = "<group>"; };
		14F59E4818CEDC0B004CD0BB /* NBLoginViewController_iPhone5.xib */ = {isa = PBXFileReference; fileEncoding = 4; lastKnownFileType = file.xib; name = NBLoginViewController_iPhone5.xib; path = Login/NBLoginViewController_iPhone5.xib; sourceTree = "<group>"; };
		14F59E4C18CEDC5C004CD0BB /* NBLoginViewController_iPhone4.xib */ = {isa = PBXFileReference; fileEncoding = 4; lastKnownFileType = file.xib; name = NBLoginViewController_iPhone4.xib; path = Login/NBLoginViewController_iPhone4.xib; sourceTree = "<group>"; };
		14F59E5018CEDE23004CD0BB /* textField.png */ = {isa = PBXFileReference; lastKnownFileType = image.png; path = textField.png; sourceTree = "<group>"; };
		14F59E5218CEDFC9004CD0BB /* peple.png */ = {isa = PBXFileReference; lastKnownFileType = image.png; path = peple.png; sourceTree = "<group>"; };
		14F59E5418CEE1BE004CD0BB /* check.png */ = {isa = PBXFileReference; lastKnownFileType = image.png; path = check.png; sourceTree = "<group>"; };
		14F59E5518CEE1BE004CD0BB /* checkBox.png */ = {isa = PBXFileReference; lastKnownFileType = image.png; path = checkBox.png; sourceTree = "<group>"; };
		14F59E5618CEE1BE004CD0BB /* loginBtn.png */ = {isa = PBXFileReference; lastKnownFileType = image.png; path = loginBtn.png; sourceTree = "<group>"; };
		14F59E5A18CEE39B004CD0BB /* go.png */ = {isa = PBXFileReference; lastKnownFileType = image.png; path = go.png; sourceTree = "<group>"; };
		14F59E5B18CEE39B004CD0BB /* qq.png */ = {isa = PBXFileReference; lastKnownFileType = image.png; path = qq.png; sourceTree = "<group>"; };
		14F59E5C18CEE39B004CD0BB /* renren.png */ = {isa = PBXFileReference; lastKnownFileType = image.png; path = renren.png; sourceTree = "<group>"; };
		14F59E5D18CEE39B004CD0BB /* weibo.png */ = {isa = PBXFileReference; lastKnownFileType = image.png; path = weibo.png; sourceTree = "<group>"; };
		14F59E6318CEFD7B004CD0BB /* back.png */ = {isa = PBXFileReference; lastKnownFileType = image.png; path = back.png; sourceTree = "<group>"; };
		14F59E6518CF0480004CD0BB /* NBFindPWViewController.h */ = {isa = PBXFileReference; fileEncoding = 4; lastKnownFileType = sourcecode.c.h; name = NBFindPWViewController.h; path = FindPassWord/NBFindPWViewController.h; sourceTree = "<group>"; };
		14F59E6618CF0480004CD0BB /* NBFindPWViewController.m */ = {isa = PBXFileReference; fileEncoding = 4; lastKnownFileType = sourcecode.c.objc; name = NBFindPWViewController.m; path = FindPassWord/NBFindPWViewController.m; sourceTree = "<group>"; };
		14F59E6718CF0480004CD0BB /* NBFindPWViewController_iPhone5.xib */ = {isa = PBXFileReference; fileEncoding = 4; lastKnownFileType = file.xib; name = NBFindPWViewController_iPhone5.xib; path = FindPassWord/NBFindPWViewController_iPhone5.xib; sourceTree = "<group>"; };
		14F59E6B18CF04DA004CD0BB /* NBFindPWViewController_iPhone4.xib */ = {isa = PBXFileReference; fileEncoding = 4; lastKnownFileType = file.xib; name = NBFindPWViewController_iPhone4.xib; path = FindPassWord/NBFindPWViewController_iPhone4.xib; sourceTree = "<group>"; };
		14F59E6E18CF0F4E004CD0BB /* mail.png */ = {isa = PBXFileReference; lastKnownFileType = image.png; path = mail.png; sourceTree = "<group>"; };
		14F59E6F18CF0F4E004CD0BB /* sms.png */ = {isa = PBXFileReference; lastKnownFileType = image.png; path = sms.png; sourceTree = "<group>"; };
		14F59E7018CF0F4E004CD0BB /* textField2.png */ = {isa = PBXFileReference; lastKnownFileType = image.png; path = textField2.png; sourceTree = "<group>"; };
		A11BD12B18D0057B0067F09B /* NBRegisterViewController.h */ = {isa = PBXFileReference; fileEncoding = 4; lastKnownFileType = sourcecode.c.h; name = NBRegisterViewController.h; path = Register/NBRegisterViewController.h; sourceTree = "<group>"; };
		A11BD12C18D0057B0067F09B /* NBRegisterViewController.m */ = {isa = PBXFileReference; fileEncoding = 4; lastKnownFileType = sourcecode.c.objc; name = NBRegisterViewController.m; path = Register/NBRegisterViewController.m; sourceTree = "<group>"; };
		A11BD12D18D0057B0067F09B /* NBRegisterViewController_iPhone4.xib */ = {isa = PBXFileReference; fileEncoding = 4; lastKnownFileType = file.xib; name = NBRegisterViewController_iPhone4.xib; path = Register/NBRegisterViewController_iPhone4.xib; sourceTree = "<group>"; };
		A186EE7718D066150095B657 /* NZAlertView-Icons.bundle */ = {isa = PBXFileReference; lastKnownFileType = "wrapper.plug-in"; path = "NZAlertView-Icons.bundle"; sourceTree = "<group>"; };
		A186EE7818D066150095B657 /* NZAlertView.h */ = {isa = PBXFileReference; fileEncoding = 4; lastKnownFileType = sourcecode.c.h; path = NZAlertView.h; sourceTree = "<group>"; };
		A186EE7918D066150095B657 /* NZAlertView.m */ = {isa = PBXFileReference; fileEncoding = 4; lastKnownFileType = sourcecode.c.objc; path = NZAlertView.m; sourceTree = "<group>"; };
		A186EE7B18D066150095B657 /* NZAlertViewDelegate.h */ = {isa = PBXFileReference; fileEncoding = 4; lastKnownFileType = sourcecode.c.h; path = NZAlertViewDelegate.h; sourceTree = "<group>"; };
		A186EE7D18D066150095B657 /* NZAlertView.xib */ = {isa = PBXFileReference; fileEncoding = 4; lastKnownFileType = file.xib; path = NZAlertView.xib; sourceTree = "<group>"; };
		A186EE8218D0662C0095B657 /* MSDynamicsDrawerStyler.h */ = {isa = PBXFileReference; fileEncoding = 4; lastKnownFileType = sourcecode.c.h; path = MSDynamicsDrawerStyler.h; sourceTree = "<group>"; };
		A186EE8318D0662C0095B657 /* MSDynamicsDrawerStyler.m */ = {isa = PBXFileReference; fileEncoding = 4; lastKnownFileType = sourcecode.c.objc; path = MSDynamicsDrawerStyler.m; sourceTree = "<group>"; };
		A186EE8418D0662C0095B657 /* MSDynamicsDrawerViewController.h */ = {isa = PBXFileReference; fileEncoding = 4; lastKnownFileType = sourcecode.c.h; path = MSDynamicsDrawerViewController.h; sourceTree = "<group>"; };
		A186EE8518D0662C0095B657 /* MSDynamicsDrawerViewController.m */ = {isa = PBXFileReference; fileEncoding = 4; lastKnownFileType = sourcecode.c.objc; path = MSDynamicsDrawerViewController.m; sourceTree = "<group>"; };
		A186EE8918D0664B0095B657 /* NBNavigationController.h */ = {isa = PBXFileReference; fileEncoding = 4; lastKnownFileType = sourcecode.c.h; path = NBNavigationController.h; sourceTree = "<group>"; };
		A186EE8A18D0664B0095B657 /* NBNavigationController.m */ = {isa = PBXFileReference; fileEncoding = 4; lastKnownFileType = sourcecode.c.objc; path = NBNavigationController.m; sourceTree = "<group>"; };
		A186EE8D18D066660095B657 /* MMLocationManager.h */ = {isa = PBXFileReference; fileEncoding = 4; lastKnownFileType = sourcecode.c.h; path = MMLocationManager.h; sourceTree = "<group>"; };
		A186EE8E18D066660095B657 /* MMLocationManager.m */ = {isa = PBXFileReference; fileEncoding = 4; lastKnownFileType = sourcecode.c.objc; path = MMLocationManager.m; sourceTree = "<group>"; };
		A186EE9118D066CA0095B657 /* NBLeftMenuViewController.h */ = {isa = PBXFileReference; fileEncoding = 4; lastKnownFileType = sourcecode.c.h; path = NBLeftMenuViewController.h; sourceTree = "<group>"; };
		A186EE9218D066CA0095B657 /* NBLeftMenuViewController.m */ = {isa = PBXFileReference; fileEncoding = 4; lastKnownFileType = sourcecode.c.objc; path = NBLeftMenuViewController.m; sourceTree = "<group>"; };
		A186EE9318D066CA0095B657 /* NBLeftMenuViewController.xib */ = {isa = PBXFileReference; fileEncoding = 4; lastKnownFileType = file.xib; path = NBLeftMenuViewController.xib; sourceTree = "<group>"; };
		A1BF630818D008090006B2D0 /* NBRegisterViewController_iPhone5.xib */ = {isa = PBXFileReference; fileEncoding = 4; lastKnownFileType = file.xib; name = NBRegisterViewController_iPhone5.xib; path = Register/NBRegisterViewController_iPhone5.xib; sourceTree = "<group>"; };
		A1DFF04418BEEAEE00C3EE6B /* iCareer.app */ = {isa = PBXFileReference; explicitFileType = wrapper.application; includeInIndex = 0; path = iCareer.app; sourceTree = BUILT_PRODUCTS_DIR; };
		A1DFF04718BEEAEE00C3EE6B /* Foundation.framework */ = {isa = PBXFileReference; lastKnownFileType = wrapper.framework; name = Foundation.framework; path = System/Library/Frameworks/Foundation.framework; sourceTree = SDKROOT; };
		A1DFF04918BEEAEE00C3EE6B /* CoreGraphics.framework */ = {isa = PBXFileReference; lastKnownFileType = wrapper.framework; name = CoreGraphics.framework; path = System/Library/Frameworks/CoreGraphics.framework; sourceTree = SDKROOT; };
		A1DFF04B18BEEAEE00C3EE6B /* UIKit.framework */ = {isa = PBXFileReference; lastKnownFileType = wrapper.framework; name = UIKit.framework; path = System/Library/Frameworks/UIKit.framework; sourceTree = SDKROOT; };
		A1DFF04F18BEEAEE00C3EE6B /* iCareer-Info.plist */ = {isa = PBXFileReference; lastKnownFileType = text.plist.xml; path = "iCareer-Info.plist"; sourceTree = "<group>"; };
		A1DFF05118BEEAEE00C3EE6B /* en */ = {isa = PBXFileReference; lastKnownFileType = text.plist.strings; name = en; path = en.lproj/InfoPlist.strings; sourceTree = "<group>"; };
		A1DFF05318BEEAEE00C3EE6B /* main.m */ = {isa = PBXFileReference; lastKnownFileType = sourcecode.c.objc; path = main.m; sourceTree = "<group>"; };
		A1DFF05518BEEAEE00C3EE6B /* iCareer-Prefix.pch */ = {isa = PBXFileReference; lastKnownFileType = sourcecode.c.h; path = "iCareer-Prefix.pch"; sourceTree = "<group>"; };
		A1DFF05618BEEAEE00C3EE6B /* NBAppDelegate.h */ = {isa = PBXFileReference; lastKnownFileType = sourcecode.c.h; path = NBAppDelegate.h; sourceTree = "<group>"; };
		A1DFF05718BEEAEE00C3EE6B /* NBAppDelegate.m */ = {isa = PBXFileReference; lastKnownFileType = sourcecode.c.objc; path = NBAppDelegate.m; sourceTree = "<group>"; };
		A1DFF05918BEEAEE00C3EE6B /* Images.xcassets */ = {isa = PBXFileReference; lastKnownFileType = folder.assetcatalog; path = Images.xcassets; sourceTree = "<group>"; };
		A1DFF05F18BEEAEE00C3EE6B /* iCareerTests.xctest */ = {isa = PBXFileReference; explicitFileType = wrapper.cfbundle; includeInIndex = 0; path = iCareerTests.xctest; sourceTree = BUILT_PRODUCTS_DIR; };
		A1DFF06018BEEAEE00C3EE6B /* XCTest.framework */ = {isa = PBXFileReference; lastKnownFileType = wrapper.framework; name = XCTest.framework; path = Library/Frameworks/XCTest.framework; sourceTree = DEVELOPER_DIR; };
		A1DFF06818BEEAEE00C3EE6B /* iCareerTests-Info.plist */ = {isa = PBXFileReference; lastKnownFileType = text.plist.xml; path = "iCareerTests-Info.plist"; sourceTree = "<group>"; };
		A1DFF06A18BEEAEE00C3EE6B /* en */ = {isa = PBXFileReference; lastKnownFileType = text.plist.strings; name = en; path = en.lproj/InfoPlist.strings; sourceTree = "<group>"; };
		A1DFF06C18BEEAEE00C3EE6B /* iCareerTests.m */ = {isa = PBXFileReference; lastKnownFileType = sourcecode.c.objc; path = iCareerTests.m; sourceTree = "<group>"; };
		A1DFF07618BEEB2600C3EE6B /* CFNetwork.framework */ = {isa = PBXFileReference; lastKnownFileType = wrapper.framework; name = CFNetwork.framework; path = System/Library/Frameworks/CFNetwork.framework; sourceTree = SDKROOT; };
		A1DFF07818BEEB3800C3EE6B /* MapKit.framework */ = {isa = PBXFileReference; lastKnownFileType = wrapper.framework; name = MapKit.framework; path = System/Library/Frameworks/MapKit.framework; sourceTree = SDKROOT; };
		A1DFF07A18BEEB4100C3EE6B /* CoreLocation.framework */ = {isa = PBXFileReference; lastKnownFileType = wrapper.framework; name = CoreLocation.framework; path = System/Library/Frameworks/CoreLocation.framework; sourceTree = SDKROOT; };
		A1DFF07C18BEEB4D00C3EE6B /* MobileCoreServices.framework */ = {isa = PBXFileReference; lastKnownFileType = wrapper.framework; name = MobileCoreServices.framework; path = System/Library/Frameworks/MobileCoreServices.framework; sourceTree = SDKROOT; };
		A1DFF07E18BEEB6100C3EE6B /* Security.framework */ = {isa = PBXFileReference; lastKnownFileType = wrapper.framework; name = Security.framework; path = System/Library/Frameworks/Security.framework; sourceTree = SDKROOT; };
		A1DFF08018BEEB7700C3EE6B /* libz.1.2.5.dylib */ = {isa = PBXFileReference; lastKnownFileType = "compiled.mach-o.dylib"; name = libz.1.2.5.dylib; path = usr/lib/libz.1.2.5.dylib; sourceTree = SDKROOT; };
/* End PBXFileReference section */

/* Begin PBXFrameworksBuildPhase section */
		A1DFF04118BEEAEE00C3EE6B /* Frameworks */ = {
			isa = PBXFrameworksBuildPhase;
			buildActionMask = 2147483647;
			files = (
				140C832618BF0ED200BF65AB /* SystemConfiguration.framework in Frameworks */,
				140C832418BF0C6A00BF65AB /* QuartzCore.framework in Frameworks */,
				140C82E918BF094B00BF65AB /* libicucore.dylib in Frameworks */,
				140C82E718BF093C00BF65AB /* CoreFoundation.framework in Frameworks */,
				A1DFF08118BEEB7700C3EE6B /* libz.1.2.5.dylib in Frameworks */,
				A1DFF07F18BEEB6100C3EE6B /* Security.framework in Frameworks */,
				A1DFF07D18BEEB4D00C3EE6B /* MobileCoreServices.framework in Frameworks */,
				A1DFF07B18BEEB4100C3EE6B /* CoreLocation.framework in Frameworks */,
				A1DFF07918BEEB3800C3EE6B /* MapKit.framework in Frameworks */,
				A1DFF07718BEEB2600C3EE6B /* CFNetwork.framework in Frameworks */,
				A1DFF04A18BEEAEE00C3EE6B /* CoreGraphics.framework in Frameworks */,
				A1DFF04C18BEEAEE00C3EE6B /* UIKit.framework in Frameworks */,
				A1DFF04818BEEAEE00C3EE6B /* Foundation.framework in Frameworks */,
			);
			runOnlyForDeploymentPostprocessing = 0;
		};
		A1DFF05C18BEEAEE00C3EE6B /* Frameworks */ = {
			isa = PBXFrameworksBuildPhase;
			buildActionMask = 2147483647;
			files = (
				A1DFF06118BEEAEE00C3EE6B /* XCTest.framework in Frameworks */,
				A1DFF06318BEEAEE00C3EE6B /* UIKit.framework in Frameworks */,
				A1DFF06218BEEAEE00C3EE6B /* Foundation.framework in Frameworks */,
			);
			runOnlyForDeploymentPostprocessing = 0;
		};
/* End PBXFrameworksBuildPhase section */

/* Begin PBXGroup section */
		14073C7318D173D3001C5E86 /* 重设密码 */ = {
			isa = PBXGroup;
			children = (
				14073C6E18D173CA001C5E86 /* NBResetPWViewController.h */,
				14073C6F18D173CA001C5E86 /* NBResetPWViewController.m */,
				14073C7018D173CA001C5E86 /* NBResetPWViewController_iPhone5.xib */,
				14073C7418D17421001C5E86 /* NBResetPWViewController_iPhone4.xib */,
			);
			name = "重设密码";
			sourceTree = "<group>";
		};
		14073C7B18D1778C001C5E86 /* 城市 */ = {
			isa = PBXGroup;
			children = (
				14073C7618D17785001C5E86 /* NBCityViewController.h */,
				14073C7718D17785001C5E86 /* NBCityViewController.m */,
				14073C7818D17785001C5E86 /* NBCityViewController_iPhone5.xib */,
				14073C7C18D177DB001C5E86 /* NBCityViewController_iPhone4.xib */,
			);
			name = "城市";
			sourceTree = "<group>";
		};
		14073C7E18D17BE1001C5E86 /* Source */ = {
			isa = PBXGroup;
			children = (
				14073C7F18D17BE1001C5E86 /* citydict.plist */,
			);
			name = Source;
			path = UI/Source;
			sourceTree = "<group>";
		};
		14073C8118D192ED001C5E86 /* Reachability */ = {
			isa = PBXGroup;
			children = (
				14073C8218D192ED001C5E86 /* Reachability.h */,
				14073C8318D192ED001C5E86 /* Reachability.m */,
			);
			name = Reachability;
			path = "UIView+ModifyFrame/Reachability";
			sourceTree = "<group>";
		};
		14088A4318C842200098A404 /* DBTileButton */ = {
			isa = PBXGroup;
			children = (
				14088A4418C842200098A404 /* DBTileButton.h */,
				14088A4518C842200098A404 /* DBTileButton.m */,
			);
			path = DBTileButton;
			sourceTree = "<group>";
		};
		14088A4A18C843500098A404 /* AppUtility */ = {
			isa = PBXGroup;
			children = (
				14088A4718C8434B0098A404 /* AppUtility.h */,
				14088A4818C8434B0098A404 /* AppUtility.m */,
			);
			name = AppUtility;
			sourceTree = "<group>";
		};
		140C82EA18BF0AF600BF65AB /* ThirdPartLibrary */ = {
			isa = PBXGroup;
			children = (
				A186EE8118D0662C0095B657 /* MSDynamicsDrawerViewController */,
				A186EE7618D066150095B657 /* NZAlertView */,
				140C830518BF0B2100BF65AB /* AFNetworking */,
				140C82EB18BF0B1A00BF65AB /* UIKit+AFNetworking */,
				14088A4318C842200098A404 /* DBTileButton */,
			);
			name = ThirdPartLibrary;
			sourceTree = "<group>";
		};
		140C82EB18BF0B1A00BF65AB /* UIKit+AFNetworking */ = {
			isa = PBXGroup;
			children = (
				140C82EC18BF0B1A00BF65AB /* AFNetworkActivityIndicatorManager.h */,
				140C82ED18BF0B1A00BF65AB /* AFNetworkActivityIndicatorManager.m */,
				140C82EE18BF0B1A00BF65AB /* UIActivityIndicatorView+AFNetworking.h */,
				140C82EF18BF0B1A00BF65AB /* UIActivityIndicatorView+AFNetworking.m */,
				140C82F018BF0B1A00BF65AB /* UIAlertView+AFNetworking.h */,
				140C82F118BF0B1A00BF65AB /* UIAlertView+AFNetworking.m */,
				140C82F218BF0B1A00BF65AB /* UIButton+AFNetworking.h */,
				140C82F318BF0B1A00BF65AB /* UIButton+AFNetworking.m */,
				140C82F418BF0B1A00BF65AB /* UIImageView+AFNetworking.h */,
				140C82F518BF0B1A00BF65AB /* UIImageView+AFNetworking.m */,
				140C82F618BF0B1A00BF65AB /* UIKit+AFNetworking.h */,
				140C82F718BF0B1A00BF65AB /* UIProgressView+AFNetworking.h */,
				140C82F818BF0B1A00BF65AB /* UIProgressView+AFNetworking.m */,
				140C82F918BF0B1A00BF65AB /* UIRefreshControl+AFNetworking.h */,
				140C82FA18BF0B1A00BF65AB /* UIRefreshControl+AFNetworking.m */,
				140C82FB18BF0B1A00BF65AB /* UIWebView+AFNetworking.h */,
				140C82FC18BF0B1A00BF65AB /* UIWebView+AFNetworking.m */,
			);
			path = "UIKit+AFNetworking";
			sourceTree = "<group>";
		};
		140C830518BF0B2100BF65AB /* AFNetworking */ = {
			isa = PBXGroup;
			children = (
				140C830618BF0B2100BF65AB /* AFHTTPRequestOperation.h */,
				140C830718BF0B2100BF65AB /* AFHTTPRequestOperation.m */,
				140C830818BF0B2100BF65AB /* AFHTTPRequestOperationManager.h */,
				140C830918BF0B2100BF65AB /* AFHTTPRequestOperationManager.m */,
				140C830A18BF0B2100BF65AB /* AFHTTPSessionManager.h */,
				140C830B18BF0B2100BF65AB /* AFHTTPSessionManager.m */,
				140C830C18BF0B2100BF65AB /* AFNetworking.h */,
				140C830D18BF0B2100BF65AB /* AFNetworkReachabilityManager.h */,
				140C830E18BF0B2100BF65AB /* AFNetworkReachabilityManager.m */,
				140C830F18BF0B2100BF65AB /* AFSecurityPolicy.h */,
				140C831018BF0B2100BF65AB /* AFSecurityPolicy.m */,
				140C831118BF0B2100BF65AB /* AFURLConnectionOperation.h */,
				140C831218BF0B2100BF65AB /* AFURLConnectionOperation.m */,
				140C831318BF0B2100BF65AB /* AFURLRequestSerialization.h */,
				140C831418BF0B2100BF65AB /* AFURLRequestSerialization.m */,
				140C831518BF0B2100BF65AB /* AFURLResponseSerialization.h */,
				140C831618BF0B2100BF65AB /* AFURLResponseSerialization.m */,
				140C831718BF0B2100BF65AB /* AFURLSessionManager.h */,
				140C831818BF0B2100BF65AB /* AFURLSessionManager.m */,
			);
			path = AFNetworking;
			sourceTree = "<group>";
		};
		140C835618BF226E00BF65AB /* Utility */ = {
			isa = PBXGroup;
			children = (
				140C835718BF226E00BF65AB /* Global.h */,
				A186EE8C18D066660095B657 /* LocationManager */,
				A186EE8818D0664B0095B657 /* NBNavigation */,
				14088A4A18C843500098A404 /* AppUtility */,
				140C835818BF226E00BF65AB /* NBNetworkEngine */,
				140C835B18BF226E00BF65AB /* NSDictionary+JSON */,
				140C835E18BF226E00BF65AB /* RegexKitLite */,
				140C836118BF226E00BF65AB /* UIColor+HexString */,
				140C836418BF226E00BF65AB /* UIImage+Loader */,
				140C836718BF226E00BF65AB /* UIView+Border */,
				140C836A18BF226E00BF65AB /* UIView+Joggle */,
				14073C8118D192ED001C5E86 /* Reachability */,
				140C836D18BF226E00BF65AB /* UIView+ModifyFrame */,
			);
			path = Utility;
			sourceTree = "<group>";
		};
		140C835818BF226E00BF65AB /* NBNetworkEngine */ = {
			isa = PBXGroup;
			children = (
				140C835918BF226E00BF65AB /* NBNetworkEngine.h */,
				140C835A18BF226E00BF65AB /* NBNetworkEngine.m */,
			);
			path = NBNetworkEngine;
			sourceTree = "<group>";
		};
		140C835B18BF226E00BF65AB /* NSDictionary+JSON */ = {
			isa = PBXGroup;
			children = (
				140C835C18BF226E00BF65AB /* NSDictionary+JSON.h */,
				140C835D18BF226E00BF65AB /* NSDictionary+JSON.m */,
			);
			path = "NSDictionary+JSON";
			sourceTree = "<group>";
		};
		140C835E18BF226E00BF65AB /* RegexKitLite */ = {
			isa = PBXGroup;
			children = (
				140C835F18BF226E00BF65AB /* RegexKitLite.h */,
				140C836018BF226E00BF65AB /* RegexKitLite.m */,
			);
			path = RegexKitLite;
			sourceTree = "<group>";
		};
		140C836118BF226E00BF65AB /* UIColor+HexString */ = {
			isa = PBXGroup;
			children = (
				140C836218BF226E00BF65AB /* UIColor+HexString.h */,
				140C836318BF226E00BF65AB /* UIColor+HexString.m */,
			);
			path = "UIColor+HexString";
			sourceTree = "<group>";
		};
		140C836418BF226E00BF65AB /* UIImage+Loader */ = {
			isa = PBXGroup;
			children = (
				140C836518BF226E00BF65AB /* UIImage+Loader.h */,
				140C836618BF226E00BF65AB /* UIImage+Loader.m */,
			);
			path = "UIImage+Loader";
			sourceTree = "<group>";
		};
		140C836718BF226E00BF65AB /* UIView+Border */ = {
			isa = PBXGroup;
			children = (
				140C836818BF226E00BF65AB /* UIView+Border.h */,
				140C836918BF226E00BF65AB /* UIView+Border.m */,
			);
			path = "UIView+Border";
			sourceTree = "<group>";
		};
		140C836A18BF226E00BF65AB /* UIView+Joggle */ = {
			isa = PBXGroup;
			children = (
				140C836B18BF226E00BF65AB /* UIView+Joggle.h */,
				140C836C18BF226E00BF65AB /* UIView+Joggle.m */,
			);
			path = "UIView+Joggle";
			sourceTree = "<group>";
		};
		140C836D18BF226E00BF65AB /* UIView+ModifyFrame */ = {
			isa = PBXGroup;
			children = (
				140C836E18BF226E00BF65AB /* UIView+ModifyFrame.h */,
				140C836F18BF226E00BF65AB /* UIView+ModifyFrame.m */,
			);
			path = "UIView+ModifyFrame";
			sourceTree = "<group>";
		};
		140C837B18BF241200BF65AB /* NBBaseViewController */ = {
			isa = PBXGroup;
			children = (
				140C837C18BF241200BF65AB /* NBBaseViewController.h */,
				140C837D18BF241200BF65AB /* NBBaseViewController.m */,
			);
			path = NBBaseViewController;
			sourceTree = "<group>";
		};
		140C838418BF25AB00BF65AB /* 主界面 */ = {
			isa = PBXGroup;
			children = (
				140C838518BF25AB00BF65AB /* NBMainViewController.h */,
				140C838618BF25AB00BF65AB /* NBMainViewController.m */,
				140C838718BF25AB00BF65AB /* NBMainViewController_iPhone4.xib */,
				14088A4B18C844D30098A404 /* NBMainViewController_iPhone5.xib */,
			);
			name = "主界面";
			path = NBMainViewController;
			sourceTree = "<group>";
		};
		14F59E4B18CEDC1E004CD0BB /* 登陆 */ = {
			isa = PBXGroup;
			children = (
				14F59E4618CEDC0B004CD0BB /* NBLoginViewController.h */,
				14F59E4718CEDC0B004CD0BB /* NBLoginViewController.m */,
				14F59E4C18CEDC5C004CD0BB /* NBLoginViewController_iPhone4.xib */,
				14F59E4818CEDC0B004CD0BB /* NBLoginViewController_iPhone5.xib */,
			);
			name = "登陆";
			sourceTree = "<group>";
		};
		14F59E4E18CEDE23004CD0BB /* UI */ = {
			isa = PBXGroup;
			children = (
				14F59E6218CEFD7B004CD0BB /* Global */,
				14F59E4F18CEDE23004CD0BB /* Login */,
				14F59E6D18CF0F4E004CD0BB /* FindPassword */,
			);
			path = UI;
			sourceTree = "<group>";
		};
		14F59E4F18CEDE23004CD0BB /* Login */ = {
			isa = PBXGroup;
			children = (
				14F59E5A18CEE39B004CD0BB /* go.png */,
				14F59E5B18CEE39B004CD0BB /* qq.png */,
				14F59E5C18CEE39B004CD0BB /* renren.png */,
				14F59E5D18CEE39B004CD0BB /* weibo.png */,
				14F59E5018CEDE23004CD0BB /* textField.png */,
				14F59E5218CEDFC9004CD0BB /* peple.png */,
				14F59E5418CEE1BE004CD0BB /* check.png */,
				14F59E5518CEE1BE004CD0BB /* checkBox.png */,
				14F59E5618CEE1BE004CD0BB /* loginBtn.png */,
			);
			path = Login;
			sourceTree = "<group>";
		};
		14F59E6218CEFD7B004CD0BB /* Global */ = {
			isa = PBXGroup;
			children = (
				14F59E6318CEFD7B004CD0BB /* back.png */,
			);
			path = Global;
			sourceTree = "<group>";
		};
		14F59E6A18CF0485004CD0BB /* 找回密码 */ = {
			isa = PBXGroup;
			children = (
				14F59E6518CF0480004CD0BB /* NBFindPWViewController.h */,
				14F59E6618CF0480004CD0BB /* NBFindPWViewController.m */,
				14F59E6718CF0480004CD0BB /* NBFindPWViewController_iPhone5.xib */,
				14F59E6B18CF04DA004CD0BB /* NBFindPWViewController_iPhone4.xib */,
			);
			name = "找回密码";
			sourceTree = "<group>";
		};
		14F59E6D18CF0F4E004CD0BB /* FindPassword */ = {
			isa = PBXGroup;
			children = (
				14F59E6E18CF0F4E004CD0BB /* mail.png */,
				14F59E6F18CF0F4E004CD0BB /* sms.png */,
				14F59E7018CF0F4E004CD0BB /* textField2.png */,
			);
			path = FindPassword;
			sourceTree = "<group>";
		};
		A11BD13018D0058E0067F09B /* 注册 */ = {
			isa = PBXGroup;
			children = (
				A11BD12B18D0057B0067F09B /* NBRegisterViewController.h */,
				A11BD12C18D0057B0067F09B /* NBRegisterViewController.m */,
				A11BD12D18D0057B0067F09B /* NBRegisterViewController_iPhone4.xib */,
				A1BF630818D008090006B2D0 /* NBRegisterViewController_iPhone5.xib */,
			);
			name = "注册";
			sourceTree = "<group>";
		};
		A186EE7618D066150095B657 /* NZAlertView */ = {
			isa = PBXGroup;
			children = (
				A186EE7718D066150095B657 /* NZAlertView-Icons.bundle */,
				A186EE7818D066150095B657 /* NZAlertView.h */,
				A186EE7918D066150095B657 /* NZAlertView.m */,
				A186EE7A18D066150095B657 /* Protocols */,
				A186EE7C18D066150095B657 /* Views */,
			);
			path = NZAlertView;
			sourceTree = "<group>";
		};
		A186EE7A18D066150095B657 /* Protocols */ = {
			isa = PBXGroup;
			children = (
				A186EE7B18D066150095B657 /* NZAlertViewDelegate.h */,
			);
			path = Protocols;
			sourceTree = "<group>";
		};
		A186EE7C18D066150095B657 /* Views */ = {
			isa = PBXGroup;
			children = (
				A186EE7D18D066150095B657 /* NZAlertView.xib */,
			);
			path = Views;
			sourceTree = "<group>";
		};
		A186EE8118D0662C0095B657 /* MSDynamicsDrawerViewController */ = {
			isa = PBXGroup;
			children = (
				A186EE8218D0662C0095B657 /* MSDynamicsDrawerStyler.h */,
				A186EE8318D0662C0095B657 /* MSDynamicsDrawerStyler.m */,
				A186EE8418D0662C0095B657 /* MSDynamicsDrawerViewController.h */,
				A186EE8518D0662C0095B657 /* MSDynamicsDrawerViewController.m */,
			);
			path = MSDynamicsDrawerViewController;
			sourceTree = "<group>";
		};
		A186EE8818D0664B0095B657 /* NBNavigation */ = {
			isa = PBXGroup;
			children = (
				A186EE8918D0664B0095B657 /* NBNavigationController.h */,
				A186EE8A18D0664B0095B657 /* NBNavigationController.m */,
			);
			path = NBNavigation;
			sourceTree = "<group>";
		};
		A186EE8C18D066660095B657 /* LocationManager */ = {
			isa = PBXGroup;
			children = (
				A186EE8D18D066660095B657 /* MMLocationManager.h */,
				A186EE8E18D066660095B657 /* MMLocationManager.m */,
			);
			path = LocationManager;
			sourceTree = "<group>";
		};
		A186EE9018D066CA0095B657 /* 侧边栏 */ = {
			isa = PBXGroup;
			children = (
				A186EE9118D066CA0095B657 /* NBLeftMenuViewController.h */,
				A186EE9218D066CA0095B657 /* NBLeftMenuViewController.m */,
				A186EE9318D066CA0095B657 /* NBLeftMenuViewController.xib */,
			);
			name = "侧边栏";
			path = LeftMenu;
			sourceTree = "<group>";
		};
		A1DFF03B18BEEAEE00C3EE6B = {
			isa = PBXGroup;
			children = (
				A1DFF04D18BEEAEE00C3EE6B /* iCareer */,
				A1DFF06618BEEAEE00C3EE6B /* iCareerTests */,
				140C82EA18BF0AF600BF65AB /* ThirdPartLibrary */,
				140C835618BF226E00BF65AB /* Utility */,
				14073C7E18D17BE1001C5E86 /* Source */,
				14F59E4E18CEDE23004CD0BB /* UI */,
				A1DFF04618BEEAEE00C3EE6B /* Frameworks */,
				A1DFF04518BEEAEE00C3EE6B /* Products */,
			);
			sourceTree = "<group>";
		};
		A1DFF04518BEEAEE00C3EE6B /* Products */ = {
			isa = PBXGroup;
			children = (
				A1DFF04418BEEAEE00C3EE6B /* iCareer.app */,
				A1DFF05F18BEEAEE00C3EE6B /* iCareerTests.xctest */,
			);
			name = Products;
			sourceTree = "<group>";
		};
		A1DFF04618BEEAEE00C3EE6B /* Frameworks */ = {
			isa = PBXGroup;
			children = (
				140C832518BF0ED200BF65AB /* SystemConfiguration.framework */,
				140C832318BF0C6A00BF65AB /* QuartzCore.framework */,
				140C82E818BF094B00BF65AB /* libicucore.dylib */,
				140C82E618BF093C00BF65AB /* CoreFoundation.framework */,
				A1DFF08018BEEB7700C3EE6B /* libz.1.2.5.dylib */,
				A1DFF07E18BEEB6100C3EE6B /* Security.framework */,
				A1DFF07C18BEEB4D00C3EE6B /* MobileCoreServices.framework */,
				A1DFF07A18BEEB4100C3EE6B /* CoreLocation.framework */,
				A1DFF07818BEEB3800C3EE6B /* MapKit.framework */,
				A1DFF07618BEEB2600C3EE6B /* CFNetwork.framework */,
				A1DFF04718BEEAEE00C3EE6B /* Foundation.framework */,
				A1DFF04918BEEAEE00C3EE6B /* CoreGraphics.framework */,
				A1DFF04B18BEEAEE00C3EE6B /* UIKit.framework */,
				A1DFF06018BEEAEE00C3EE6B /* XCTest.framework */,
			);
			name = Frameworks;
			sourceTree = "<group>";
		};
		A1DFF04D18BEEAEE00C3EE6B /* iCareer */ = {
			isa = PBXGroup;
			children = (
				A1DFF05618BEEAEE00C3EE6B /* NBAppDelegate.h */,
				A1DFF05718BEEAEE00C3EE6B /* NBAppDelegate.m */,
				A186EE9018D066CA0095B657 /* 侧边栏 */,
				140C837B18BF241200BF65AB /* NBBaseViewController */,
				140C838418BF25AB00BF65AB /* 主界面 */,
				14F59E4B18CEDC1E004CD0BB /* 登陆 */,
				A11BD13018D0058E0067F09B /* 注册 */,
				14F59E6A18CF0485004CD0BB /* 找回密码 */,
				14073C7318D173D3001C5E86 /* 重设密码 */,
				14073C7B18D1778C001C5E86 /* 城市 */,
				A1DFF04E18BEEAEE00C3EE6B /* Supporting Files */,
			);
			path = iCareer;
			sourceTree = "<group>";
		};
		A1DFF04E18BEEAEE00C3EE6B /* Supporting Files */ = {
			isa = PBXGroup;
			children = (
				A1DFF05918BEEAEE00C3EE6B /* Images.xcassets */,
				A1DFF04F18BEEAEE00C3EE6B /* iCareer-Info.plist */,
				A1DFF05018BEEAEE00C3EE6B /* InfoPlist.strings */,
				A1DFF05318BEEAEE00C3EE6B /* main.m */,
				A1DFF05518BEEAEE00C3EE6B /* iCareer-Prefix.pch */,
			);
			name = "Supporting Files";
			sourceTree = "<group>";
		};
		A1DFF06618BEEAEE00C3EE6B /* iCareerTests */ = {
			isa = PBXGroup;
			children = (
				A1DFF06C18BEEAEE00C3EE6B /* iCareerTests.m */,
				A1DFF06718BEEAEE00C3EE6B /* Supporting Files */,
			);
			path = iCareerTests;
			sourceTree = "<group>";
		};
		A1DFF06718BEEAEE00C3EE6B /* Supporting Files */ = {
			isa = PBXGroup;
			children = (
				A1DFF06818BEEAEE00C3EE6B /* iCareerTests-Info.plist */,
				A1DFF06918BEEAEE00C3EE6B /* InfoPlist.strings */,
			);
			name = "Supporting Files";
			sourceTree = "<group>";
		};
/* End PBXGroup section */

/* Begin PBXNativeTarget section */
		A1DFF04318BEEAEE00C3EE6B /* iCareer */ = {
			isa = PBXNativeTarget;
			buildConfigurationList = A1DFF07018BEEAEE00C3EE6B /* Build configuration list for PBXNativeTarget "iCareer" */;
			buildPhases = (
				A1DFF04018BEEAEE00C3EE6B /* Sources */,
				A1DFF04118BEEAEE00C3EE6B /* Frameworks */,
				A1DFF04218BEEAEE00C3EE6B /* Resources */,
			);
			buildRules = (
			);
			dependencies = (
			);
			name = iCareer;
			productName = iCareer;
			productReference = A1DFF04418BEEAEE00C3EE6B /* iCareer.app */;
			productType = "com.apple.product-type.application";
		};
		A1DFF05E18BEEAEE00C3EE6B /* iCareerTests */ = {
			isa = PBXNativeTarget;
			buildConfigurationList = A1DFF07318BEEAEE00C3EE6B /* Build configuration list for PBXNativeTarget "iCareerTests" */;
			buildPhases = (
				A1DFF05B18BEEAEE00C3EE6B /* Sources */,
				A1DFF05C18BEEAEE00C3EE6B /* Frameworks */,
				A1DFF05D18BEEAEE00C3EE6B /* Resources */,
			);
			buildRules = (
			);
			dependencies = (
				A1DFF06518BEEAEE00C3EE6B /* PBXTargetDependency */,
			);
			name = iCareerTests;
			productName = iCareerTests;
			productReference = A1DFF05F18BEEAEE00C3EE6B /* iCareerTests.xctest */;
			productType = "com.apple.product-type.bundle.unit-test";
		};
/* End PBXNativeTarget section */

/* Begin PBXProject section */
		A1DFF03C18BEEAEE00C3EE6B /* Project object */ = {
			isa = PBXProject;
			attributes = {
				CLASSPREFIX = NB;
				LastUpgradeCheck = 0500;
				ORGANIZATIONNAME = andy;
				TargetAttributes = {
					A1DFF04318BEEAEE00C3EE6B = {
						DevelopmentTeam = WUGL4X3P3K;
					};
					A1DFF05E18BEEAEE00C3EE6B = {
						TestTargetID = A1DFF04318BEEAEE00C3EE6B;
					};
				};
			};
			buildConfigurationList = A1DFF03F18BEEAEE00C3EE6B /* Build configuration list for PBXProject "iCareer" */;
			compatibilityVersion = "Xcode 3.2";
			developmentRegion = English;
			hasScannedForEncodings = 0;
			knownRegions = (
				en,
			);
			mainGroup = A1DFF03B18BEEAEE00C3EE6B;
			productRefGroup = A1DFF04518BEEAEE00C3EE6B /* Products */;
			projectDirPath = "";
			projectRoot = "";
			targets = (
				A1DFF04318BEEAEE00C3EE6B /* iCareer */,
				A1DFF05E18BEEAEE00C3EE6B /* iCareerTests */,
			);
		};
/* End PBXProject section */

/* Begin PBXResourcesBuildPhase section */
		A1DFF04218BEEAEE00C3EE6B /* Resources */ = {
			isa = PBXResourcesBuildPhase;
			buildActionMask = 2147483647;
			files = (
				14F59E5F18CEE39B004CD0BB /* qq.png in Resources */,
				14F59E5818CEE1BE004CD0BB /* checkBox.png in Resources */,
				14073C7218D173CA001C5E86 /* NBResetPWViewController_iPhone5.xib in Resources */,
				14073C7A18D17785001C5E86 /* NBCityViewController_iPhone5.xib in Resources */,
				14F59E5718CEE1BE004CD0BB /* check.png in Resources */,
				14F59E4D18CEDC5C004CD0BB /* NBLoginViewController_iPhone4.xib in Resources */,
				A186EE7E18D066150095B657 /* NZAlertView-Icons.bundle in Resources */,
				14F59E5918CEE1BE004CD0BB /* loginBtn.png in Resources */,
				14F59E6118CEE39B004CD0BB /* weibo.png in Resources */,
				14088A4C18C844D30098A404 /* NBMainViewController_iPhone5.xib in Resources */,
				14073C7D18D177DB001C5E86 /* NBCityViewController_iPhone4.xib in Resources */,
				14F59E6918CF0480004CD0BB /* NBFindPWViewController_iPhone5.xib in Resources */,
				A186EE8018D066150095B657 /* NZAlertView.xib in Resources */,
				14F59E5318CEDFC9004CD0BB /* peple.png in Resources */,
				14F59E6018CEE39B004CD0BB /* renren.png in Resources */,
				A186EE9518D066CA0095B657 /* NBLeftMenuViewController.xib in Resources */,
				14F59E7318CF0F4E004CD0BB /* textField2.png in Resources */,
				14F59E6C18CF04DA004CD0BB /* NBFindPWViewController_iPhone4.xib in Resources */,
				140C838918BF25AB00BF65AB /* NBMainViewController_iPhone4.xib in Resources */,
				14F59E7118CF0F4E004CD0BB /* mail.png in Resources */,
				14073C8018D17BE1001C5E86 /* citydict.plist in Resources */,
				14F59E7218CF0F4E004CD0BB /* sms.png in Resources */,
				14073C7518D17421001C5E86 /* NBResetPWViewController_iPhone4.xib in Resources */,
				14F59E5118CEDE23004CD0BB /* textField.png in Resources */,
				A1DFF05218BEEAEE00C3EE6B /* InfoPlist.strings in Resources */,
				A1BF630918D008090006B2D0 /* NBRegisterViewController_iPhone5.xib in Resources */,
				A11BD12F18D0057B0067F09B /* NBRegisterViewController_iPhone4.xib in Resources */,
				14F59E6418CEFD7B004CD0BB /* back.png in Resources */,
				A1DFF05A18BEEAEE00C3EE6B /* Images.xcassets in Resources */,
				14F59E4A18CEDC0B004CD0BB /* NBLoginViewController_iPhone5.xib in Resources */,
				14F59E5E18CEE39B004CD0BB /* go.png in Resources */,
			);
			runOnlyForDeploymentPostprocessing = 0;
		};
		A1DFF05D18BEEAEE00C3EE6B /* Resources */ = {
			isa = PBXResourcesBuildPhase;
			buildActionMask = 2147483647;
			files = (
				A1DFF06B18BEEAEE00C3EE6B /* InfoPlist.strings in Resources */,
			);
			runOnlyForDeploymentPostprocessing = 0;
		};
/* End PBXResourcesBuildPhase section */

/* Begin PBXSourcesBuildPhase section */
		A1DFF04018BEEAEE00C3EE6B /* Sources */ = {
			isa = PBXSourcesBuildPhase;
			buildActionMask = 2147483647;
			files = (
				140C831E18BF0B2100BF65AB /* AFURLConnectionOperation.m in Sources */,
				14F59E6818CF0480004CD0BB /* NBFindPWViewController.m in Sources */,
				140C830218BF0B1A00BF65AB /* UIProgressView+AFNetworking.m in Sources */,
				A186EE7F18D066150095B657 /* NZAlertView.m in Sources */,
				A11BD12E18D0057B0067F09B /* NBRegisterViewController.m in Sources */,
				140C831D18BF0B2100BF65AB /* AFSecurityPolicy.m in Sources */,
				A1DFF05818BEEAEE00C3EE6B /* NBAppDelegate.m in Sources */,
				140C831A18BF0B2100BF65AB /* AFHTTPRequestOperationManager.m in Sources */,
				14088A4618C842200098A404 /* DBTileButton.m in Sources */,
				140C830418BF0B1A00BF65AB /* UIWebView+AFNetworking.m in Sources */,
				A1DFF05418BEEAEE00C3EE6B /* main.m in Sources */,
				140C830018BF0B1A00BF65AB /* UIButton+AFNetworking.m in Sources */,
				140C82FE18BF0B1A00BF65AB /* UIActivityIndicatorView+AFNetworking.m in Sources */,
				14088A4918C8434B0098A404 /* AppUtility.m in Sources */,
				140C830318BF0B1A00BF65AB /* UIRefreshControl+AFNetworking.m in Sources */,
				140C832118BF0B2100BF65AB /* AFURLSessionManager.m in Sources */,
				A186EE8718D0662C0095B657 /* MSDynamicsDrawerViewController.m in Sources */,
				140C837E18BF241200BF65AB /* NBBaseViewController.m in Sources */,
				140C832018BF0B2100BF65AB /* AFURLResponseSerialization.m in Sources */,
				14073C7918D17785001C5E86 /* NBCityViewController.m in Sources */,
				140C82FD18BF0B1A00BF65AB /* AFNetworkActivityIndicatorManager.m in Sources */,
				140C830118BF0B1A00BF65AB /* UIImageView+AFNetworking.m in Sources */,
				140C837218BF226E00BF65AB /* RegexKitLite.m in Sources */,
				140C831F18BF0B2100BF65AB /* AFURLRequestSerialization.m in Sources */,
				140C831C18BF0B2100BF65AB /* AFNetworkReachabilityManager.m in Sources */,
				A186EE8618D0662C0095B657 /* MSDynamicsDrawerStyler.m in Sources */,
				A186EE8F18D066660095B657 /* MMLocationManager.m in Sources */,
				140C837018BF226E00BF65AB /* NBNetworkEngine.m in Sources */,
				140C837718BF226E00BF65AB /* UIView+ModifyFrame.m in Sources */,
				14073C8418D192ED001C5E86 /* Reachability.m in Sources */,
				A186EE8B18D0664B0095B657 /* NBNavigationController.m in Sources */,
				140C837618BF226E00BF65AB /* UIView+Joggle.m in Sources */,
				140C837318BF226E00BF65AB /* UIColor+HexString.m in Sources */,
				140C837118BF226E00BF65AB /* NSDictionary+JSON.m in Sources */,
				140C82FF18BF0B1A00BF65AB /* UIAlertView+AFNetworking.m in Sources */,
				14073C7118D173CA001C5E86 /* NBResetPWViewController.m in Sources */,
				14F59E4918CEDC0B004CD0BB /* NBLoginViewController.m in Sources */,
				140C837518BF226E00BF65AB /* UIView+Border.m in Sources */,
				140C831918BF0B2100BF65AB /* AFHTTPRequestOperation.m in Sources */,
				A186EE9418D066CA0095B657 /* NBLeftMenuViewController.m in Sources */,
				140C837418BF226E00BF65AB /* UIImage+Loader.m in Sources */,
				140C838818BF25AB00BF65AB /* NBMainViewController.m in Sources */,
				140C831B18BF0B2100BF65AB /* AFHTTPSessionManager.m in Sources */,
			);
			runOnlyForDeploymentPostprocessing = 0;
		};
		A1DFF05B18BEEAEE00C3EE6B /* Sources */ = {
			isa = PBXSourcesBuildPhase;
			buildActionMask = 2147483647;
			files = (
				A1DFF06D18BEEAEE00C3EE6B /* iCareerTests.m in Sources */,
			);
			runOnlyForDeploymentPostprocessing = 0;
		};
/* End PBXSourcesBuildPhase section */

/* Begin PBXTargetDependency section */
		A1DFF06518BEEAEE00C3EE6B /* PBXTargetDependency */ = {
			isa = PBXTargetDependency;
			target = A1DFF04318BEEAEE00C3EE6B /* iCareer */;
			targetProxy = A1DFF06418BEEAEE00C3EE6B /* PBXContainerItemProxy */;
		};
/* End PBXTargetDependency section */

/* Begin PBXVariantGroup section */
		A1DFF05018BEEAEE00C3EE6B /* InfoPlist.strings */ = {
			isa = PBXVariantGroup;
			children = (
				A1DFF05118BEEAEE00C3EE6B /* en */,
			);
			name = InfoPlist.strings;
			sourceTree = "<group>";
		};
		A1DFF06918BEEAEE00C3EE6B /* InfoPlist.strings */ = {
			isa = PBXVariantGroup;
			children = (
				A1DFF06A18BEEAEE00C3EE6B /* en */,
			);
			name = InfoPlist.strings;
			sourceTree = "<group>";
		};
/* End PBXVariantGroup section */

/* Begin XCBuildConfiguration section */
		A1DFF06E18BEEAEE00C3EE6B /* Debug */ = {
			isa = XCBuildConfiguration;
			buildSettings = {
				ALWAYS_SEARCH_USER_PATHS = NO;
				ARCHS = "$(ARCHS_STANDARD_INCLUDING_64_BIT)";
				CLANG_CXX_LANGUAGE_STANDARD = "gnu++0x";
				CLANG_CXX_LIBRARY = "libc++";
				CLANG_ENABLE_MODULES = YES;
				CLANG_ENABLE_OBJC_ARC = YES;
				CLANG_WARN_BOOL_CONVERSION = YES;
				CLANG_WARN_CONSTANT_CONVERSION = YES;
				CLANG_WARN_DIRECT_OBJC_ISA_USAGE = YES_ERROR;
				CLANG_WARN_EMPTY_BODY = YES;
				CLANG_WARN_ENUM_CONVERSION = YES;
				CLANG_WARN_INT_CONVERSION = YES;
				CLANG_WARN_OBJC_ROOT_CLASS = YES_ERROR;
				CLANG_WARN__DUPLICATE_METHOD_MATCH = YES;
				"CODE_SIGN_IDENTITY[sdk=iphoneos*]" = "iPhone Developer";
				COPY_PHASE_STRIP = NO;
				GCC_C_LANGUAGE_STANDARD = gnu99;
				GCC_DYNAMIC_NO_PIC = NO;
				GCC_OPTIMIZATION_LEVEL = 0;
				GCC_PREPROCESSOR_DEFINITIONS = (
					"DEBUG=1",
					"$(inherited)",
				);
				GCC_SYMBOLS_PRIVATE_EXTERN = NO;
				GCC_WARN_64_TO_32_BIT_CONVERSION = YES;
				GCC_WARN_ABOUT_RETURN_TYPE = YES_ERROR;
				GCC_WARN_UNDECLARED_SELECTOR = YES;
				GCC_WARN_UNINITIALIZED_AUTOS = YES;
				GCC_WARN_UNUSED_FUNCTION = YES;
				GCC_WARN_UNUSED_VARIABLE = YES;
				IPHONEOS_DEPLOYMENT_TARGET = 7.0;
				ONLY_ACTIVE_ARCH = YES;
				SDKROOT = iphoneos;
			};
			name = Debug;
		};
		A1DFF06F18BEEAEE00C3EE6B /* Release */ = {
			isa = XCBuildConfiguration;
			buildSettings = {
				ALWAYS_SEARCH_USER_PATHS = NO;
				ARCHS = "$(ARCHS_STANDARD_INCLUDING_64_BIT)";
				CLANG_CXX_LANGUAGE_STANDARD = "gnu++0x";
				CLANG_CXX_LIBRARY = "libc++";
				CLANG_ENABLE_MODULES = YES;
				CLANG_ENABLE_OBJC_ARC = YES;
				CLANG_WARN_BOOL_CONVERSION = YES;
				CLANG_WARN_CONSTANT_CONVERSION = YES;
				CLANG_WARN_DIRECT_OBJC_ISA_USAGE = YES_ERROR;
				CLANG_WARN_EMPTY_BODY = YES;
				CLANG_WARN_ENUM_CONVERSION = YES;
				CLANG_WARN_INT_CONVERSION = YES;
				CLANG_WARN_OBJC_ROOT_CLASS = YES_ERROR;
				CLANG_WARN__DUPLICATE_METHOD_MATCH = YES;
				"CODE_SIGN_IDENTITY[sdk=iphoneos*]" = "iPhone Developer";
				COPY_PHASE_STRIP = YES;
				ENABLE_NS_ASSERTIONS = NO;
				GCC_C_LANGUAGE_STANDARD = gnu99;
				GCC_WARN_64_TO_32_BIT_CONVERSION = YES;
				GCC_WARN_ABOUT_RETURN_TYPE = YES_ERROR;
				GCC_WARN_UNDECLARED_SELECTOR = YES;
				GCC_WARN_UNINITIALIZED_AUTOS = YES;
				GCC_WARN_UNUSED_FUNCTION = YES;
				GCC_WARN_UNUSED_VARIABLE = YES;
				IPHONEOS_DEPLOYMENT_TARGET = 7.0;
				SDKROOT = iphoneos;
				VALIDATE_PRODUCT = YES;
			};
			name = Release;
		};
		A1DFF07118BEEAEE00C3EE6B /* Debug */ = {
			isa = XCBuildConfiguration;
			buildSettings = {
				ASSETCATALOG_COMPILER_APPICON_NAME = AppIcon;
				ASSETCATALOG_COMPILER_LAUNCHIMAGE_NAME = LaunchImage;
				CODE_SIGN_IDENTITY = "iPhone Developer: YANG JUNTAO (X3SYKVFKUJ)";
				"CODE_SIGN_IDENTITY[sdk=iphoneos*]" = "iPhone Developer: YANG JUNTAO (X3SYKVFKUJ)";
				GCC_PRECOMPILE_PREFIX_HEADER = YES;
				GCC_PREFIX_HEADER = "iCareer/iCareer-Prefix.pch";
				INFOPLIST_FILE = "iCareer/iCareer-Info.plist";
				IPHONEOS_DEPLOYMENT_TARGET = 7.0;
				PRODUCT_NAME = "$(TARGET_NAME)";
				PROVISIONING_PROFILE = "";
				WRAPPER_EXTENSION = app;
			};
			name = Debug;
		};
		A1DFF07218BEEAEE00C3EE6B /* Release */ = {
			isa = XCBuildConfiguration;
			buildSettings = {
				ASSETCATALOG_COMPILER_APPICON_NAME = AppIcon;
				ASSETCATALOG_COMPILER_LAUNCHIMAGE_NAME = LaunchImage;
				CODE_SIGN_IDENTITY = "iPhone Developer: YANG JUNTAO (X3SYKVFKUJ)";
				"CODE_SIGN_IDENTITY[sdk=iphoneos*]" = "iPhone Developer: YANG JUNTAO (X3SYKVFKUJ)";
				GCC_PRECOMPILE_PREFIX_HEADER = YES;
				GCC_PREFIX_HEADER = "iCareer/iCareer-Prefix.pch";
				INFOPLIST_FILE = "iCareer/iCareer-Info.plist";
				IPHONEOS_DEPLOYMENT_TARGET = 7.0;
				PRODUCT_NAME = "$(TARGET_NAME)";
				PROVISIONING_PROFILE = "";
				WRAPPER_EXTENSION = app;
			};
			name = Release;
		};
		A1DFF07418BEEAEE00C3EE6B /* Debug */ = {
			isa = XCBuildConfiguration;
			buildSettings = {
				ARCHS = "$(ARCHS_STANDARD_INCLUDING_64_BIT)";
				BUNDLE_LOADER = "$(BUILT_PRODUCTS_DIR)/iCareer.app/iCareer";
				FRAMEWORK_SEARCH_PATHS = (
					"$(SDKROOT)/Developer/Library/Frameworks",
					"$(inherited)",
					"$(DEVELOPER_FRAMEWORKS_DIR)",
				);
				GCC_PRECOMPILE_PREFIX_HEADER = YES;
				GCC_PREFIX_HEADER = "iCareer/iCareer-Prefix.pch";
				GCC_PREPROCESSOR_DEFINITIONS = (
					"DEBUG=1",
					"$(inherited)",
				);
				INFOPLIST_FILE = "iCareerTests/iCareerTests-Info.plist";
				PRODUCT_NAME = "$(TARGET_NAME)";
				TEST_HOST = "$(BUNDLE_LOADER)";
				WRAPPER_EXTENSION = xctest;
			};
			name = Debug;
		};
		A1DFF07518BEEAEE00C3EE6B /* Release */ = {
			isa = XCBuildConfiguration;
			buildSettings = {
				ARCHS = "$(ARCHS_STANDARD_INCLUDING_64_BIT)";
				BUNDLE_LOADER = "$(BUILT_PRODUCTS_DIR)/iCareer.app/iCareer";
				FRAMEWORK_SEARCH_PATHS = (
					"$(SDKROOT)/Developer/Library/Frameworks",
					"$(inherited)",
					"$(DEVELOPER_FRAMEWORKS_DIR)",
				);
				GCC_PRECOMPILE_PREFIX_HEADER = YES;
				GCC_PREFIX_HEADER = "iCareer/iCareer-Prefix.pch";
				INFOPLIST_FILE = "iCareerTests/iCareerTests-Info.plist";
				PRODUCT_NAME = "$(TARGET_NAME)";
				TEST_HOST = "$(BUNDLE_LOADER)";
				WRAPPER_EXTENSION = xctest;
			};
			name = Release;
		};
/* End XCBuildConfiguration section */

/* Begin XCConfigurationList section */
		A1DFF03F18BEEAEE00C3EE6B /* Build configuration list for PBXProject "iCareer" */ = {
			isa = XCConfigurationList;
			buildConfigurations = (
				A1DFF06E18BEEAEE00C3EE6B /* Debug */,
				A1DFF06F18BEEAEE00C3EE6B /* Release */,
			);
			defaultConfigurationIsVisible = 0;
			defaultConfigurationName = Release;
		};
		A1DFF07018BEEAEE00C3EE6B /* Build configuration list for PBXNativeTarget "iCareer" */ = {
			isa = XCConfigurationList;
			buildConfigurations = (
				A1DFF07118BEEAEE00C3EE6B /* Debug */,
				A1DFF07218BEEAEE00C3EE6B /* Release */,
			);
			defaultConfigurationIsVisible = 0;
			defaultConfigurationName = Release;
		};
		A1DFF07318BEEAEE00C3EE6B /* Build configuration list for PBXNativeTarget "iCareerTests" */ = {
			isa = XCConfigurationList;
			buildConfigurations = (
				A1DFF07418BEEAEE00C3EE6B /* Debug */,
				A1DFF07518BEEAEE00C3EE6B /* Release */,
			);
			defaultConfigurationIsVisible = 0;
			defaultConfigurationName = Release;
		};
/* End XCConfigurationList section */
	};
	rootObject = A1DFF03C18BEEAEE00C3EE6B /* Project object */;
}
